// !$*UTF8*$!
{
	archiveVersion = 1;
	classes = {
	};
	objectVersion = 51;
	objects = {

/* Begin PBXBuildFile section */
		A742A21E243287750008AEEF /* CreditsListViewController.swift in Sources */ = {isa = PBXBuildFile; fileRef = A742A21C243287750008AEEF /* CreditsListViewController.swift */; };
		A742A21F243287750008AEEF /* CreditsListViewController.xib in Resources */ = {isa = PBXBuildFile; fileRef = A742A21D243287750008AEEF /* CreditsListViewController.xib */; };
		A742A22624328B060008AEEF /* CreditsPromoCollectionViewCell.swift in Sources */ = {isa = PBXBuildFile; fileRef = A742A22424328B060008AEEF /* CreditsPromoCollectionViewCell.swift */; };
		A742A22724328B060008AEEF /* CreditsPromoCollectionViewCell.xib in Resources */ = {isa = PBXBuildFile; fileRef = A742A22524328B060008AEEF /* CreditsPromoCollectionViewCell.xib */; };
		A74480452444922800FD251C /* CreditCollectionViewCell.swift in Sources */ = {isa = PBXBuildFile; fileRef = A74480432444922800FD251C /* CreditCollectionViewCell.swift */; };
		A74480462444922800FD251C /* CreditCollectionViewCell.xib in Resources */ = {isa = PBXBuildFile; fileRef = A74480442444922800FD251C /* CreditCollectionViewCell.xib */; };
		A744804E244F4B7300FD251C /* CreditViewController.swift in Sources */ = {isa = PBXBuildFile; fileRef = A744804C244F4B7300FD251C /* CreditViewController.swift */; };
		A744804F244F4B7300FD251C /* CreditViewController.xib in Resources */ = {isa = PBXBuildFile; fileRef = A744804D244F4B7300FD251C /* CreditViewController.xib */; };
		A744AAE4244064BF009B5404 /* RegisterViewController.swift in Sources */ = {isa = PBXBuildFile; fileRef = A744AAE3244064BF009B5404 /* RegisterViewController.swift */; };
		A744AAE624409469009B5404 /* EmailVerificationViewController.swift in Sources */ = {isa = PBXBuildFile; fileRef = A744AAE524409469009B5404 /* EmailVerificationViewController.swift */; };
		A744AAEF2440F56B009B5404 /* User.swift in Sources */ = {isa = PBXBuildFile; fileRef = A744AAEE2440F56B009B5404 /* User.swift */; };
		A744AAF12440F57C009B5404 /* CreditModel.swift in Sources */ = {isa = PBXBuildFile; fileRef = A744AAF02440F57C009B5404 /* CreditModel.swift */; };
		A744AAF32440FBCE009B5404 /* CreditsListNetwork.swift in Sources */ = {isa = PBXBuildFile; fileRef = A744AAF22440FBCE009B5404 /* CreditsListNetwork.swift */; };
		A75D758924092F0400A20824 /* QuotationNetworkService.swift in Sources */ = {isa = PBXBuildFile; fileRef = A75D758824092F0400A20824 /* QuotationNetworkService.swift */; };
		A75D758C2409337300A20824 /* NetworkService.swift in Sources */ = {isa = PBXBuildFile; fileRef = A75D758B2409337300A20824 /* NetworkService.swift */; };
		A75D758F240933B500A20824 /* NetworkError.swift in Sources */ = {isa = PBXBuildFile; fileRef = A75D758E240933B500A20824 /* NetworkError.swift */; };
		A75D75942409386000A20824 /* QuotationModel.swift in Sources */ = {isa = PBXBuildFile; fileRef = A75D75932409386000A20824 /* QuotationModel.swift */; };
		A78DF56F23FDAC140060F5A2 /* MainTabBarController.swift in Sources */ = {isa = PBXBuildFile; fileRef = A78DF56D23FDAC140060F5A2 /* MainTabBarController.swift */; };
		A78DF57023FDAC140060F5A2 /* MainTabBarController.xib in Resources */ = {isa = PBXBuildFile; fileRef = A78DF56E23FDAC140060F5A2 /* MainTabBarController.xib */; };
		A78DF57323FDACB80060F5A2 /* PrivateOfficeViewController.swift in Sources */ = {isa = PBXBuildFile; fileRef = A78DF57123FDACB80060F5A2 /* PrivateOfficeViewController.swift */; };
		A78DF57423FDACB80060F5A2 /* PrivateOfficeViewController.xib in Resources */ = {isa = PBXBuildFile; fileRef = A78DF57223FDACB80060F5A2 /* PrivateOfficeViewController.xib */; };
		A78DF57723FDACED0060F5A2 /* MainNavigationController.swift in Sources */ = {isa = PBXBuildFile; fileRef = A78DF57523FDACED0060F5A2 /* MainNavigationController.swift */; };
		A78DF57823FDACED0060F5A2 /* MainNavigationController.xib in Resources */ = {isa = PBXBuildFile; fileRef = A78DF57623FDACED0060F5A2 /* MainNavigationController.xib */; };
		A796782623ED812600CE4E94 /* AppDelegate.swift in Sources */ = {isa = PBXBuildFile; fileRef = A796782523ED812600CE4E94 /* AppDelegate.swift */; };
		A796782823ED812600CE4E94 /* SceneDelegate.swift in Sources */ = {isa = PBXBuildFile; fileRef = A796782723ED812600CE4E94 /* SceneDelegate.swift */; };
		A796782D23ED812600CE4E94 /* Main.storyboard in Resources */ = {isa = PBXBuildFile; fileRef = A796782B23ED812600CE4E94 /* Main.storyboard */; };
		A796783023ED812600CE4E94 /* VseBankiRu.xcdatamodeld in Sources */ = {isa = PBXBuildFile; fileRef = A796782E23ED812600CE4E94 /* VseBankiRu.xcdatamodeld */; };
		A796783223ED812900CE4E94 /* Assets.xcassets in Resources */ = {isa = PBXBuildFile; fileRef = A796783123ED812900CE4E94 /* Assets.xcassets */; };
		A796783523ED812900CE4E94 /* LaunchScreen.storyboard in Resources */ = {isa = PBXBuildFile; fileRef = A796783323ED812900CE4E94 /* LaunchScreen.storyboard */; };
		A796783D23ED81D000CE4E94 /* CatalogViewController.swift in Sources */ = {isa = PBXBuildFile; fileRef = A796783C23ED81D000CE4E94 /* CatalogViewController.swift */; };
		A796783F23ED820400CE4E94 /* ServiceTypeModel.swift in Sources */ = {isa = PBXBuildFile; fileRef = A796783E23ED820400CE4E94 /* ServiceTypeModel.swift */; };
		A796784223ED82A700CE4E94 /* ServiceTypeCollectionViewCell.swift in Sources */ = {isa = PBXBuildFile; fileRef = A796784023ED82A700CE4E94 /* ServiceTypeCollectionViewCell.swift */; };
		A796784323ED82A700CE4E94 /* ServiceTypeCollectionViewCell.xib in Resources */ = {isa = PBXBuildFile; fileRef = A796784123ED82A700CE4E94 /* ServiceTypeCollectionViewCell.xib */; };
		A7C3CB7423FEAEF500F5DB01 /* SF-Pro-Display-Semibold.otf in Resources */ = {isa = PBXBuildFile; fileRef = A7C3CB6B23FEAEF400F5DB01 /* SF-Pro-Display-Semibold.otf */; };
		A7C3CB7523FEAEF500F5DB01 /* SF-Pro-Text-Medium.otf in Resources */ = {isa = PBXBuildFile; fileRef = A7C3CB6C23FEAEF400F5DB01 /* SF-Pro-Text-Medium.otf */; };
		A7C3CB7623FEAEF500F5DB01 /* SF-Compact-Text-Regular.otf in Resources */ = {isa = PBXBuildFile; fileRef = A7C3CB6D23FEAEF400F5DB01 /* SF-Compact-Text-Regular.otf */; };
		A7C3CB7723FEAEF500F5DB01 /* SF-Pro-Text-Regular.otf in Resources */ = {isa = PBXBuildFile; fileRef = A7C3CB6E23FEAEF400F5DB01 /* SF-Pro-Text-Regular.otf */; };
		A7C3CB7823FEAEF500F5DB01 /* SF-Pro-Text-Bold.otf in Resources */ = {isa = PBXBuildFile; fileRef = A7C3CB6F23FEAEF500F5DB01 /* SF-Pro-Text-Bold.otf */; };
		A7C3CB7923FEAEF500F5DB01 /* SF-Pro-Display-Regular.otf in Resources */ = {isa = PBXBuildFile; fileRef = A7C3CB7023FEAEF500F5DB01 /* SF-Pro-Display-Regular.otf */; };
		A7C3CB7A23FEAEF500F5DB01 /* SF-Pro-Display-Medium.otf in Resources */ = {isa = PBXBuildFile; fileRef = A7C3CB7123FEAEF500F5DB01 /* SF-Pro-Display-Medium.otf */; };
		A7C3CB7B23FEAEF500F5DB01 /* SF-Compact-Display-Regular.otf in Resources */ = {isa = PBXBuildFile; fileRef = A7C3CB7223FEAEF500F5DB01 /* SF-Compact-Display-Regular.otf */; };
		A7C3CB7C23FEAEF500F5DB01 /* SF-Pro-Text-Light.otf in Resources */ = {isa = PBXBuildFile; fileRef = A7C3CB7323FEAEF500F5DB01 /* SF-Pro-Text-Light.otf */; };
		A7C3CB7E23FECFB600F5DB01 /* SF-Pro-Display-Bold.otf in Resources */ = {isa = PBXBuildFile; fileRef = A7C3CB7D23FECFB600F5DB01 /* SF-Pro-Display-Bold.otf */; };
		A7C3CB8123FEDD7000F5DB01 /* Gradient.swift in Sources */ = {isa = PBXBuildFile; fileRef = A7C3CB8023FEDD7000F5DB01 /* Gradient.swift */; };
		A7CBA4202438DB5F009CB3E0 /* firstViewController.swift in Sources */ = {isa = PBXBuildFile; fileRef = A7CBA41E2438DB5F009CB3E0 /* firstViewController.swift */; };
		A7CBA4212438DB5F009CB3E0 /* firstViewController.xib in Resources */ = {isa = PBXBuildFile; fileRef = A7CBA41F2438DB5F009CB3E0 /* firstViewController.xib */; };
		A7CBA4252439132C009CB3E0 /* UIViewController+Extension.swift in Sources */ = {isa = PBXBuildFile; fileRef = A7CBA4242439132C009CB3E0 /* UIViewController+Extension.swift */; };
		A7CBA428243B4936009CB3E0 /* BannersSubModuleProtocol.swift in Sources */ = {isa = PBXBuildFile; fileRef = A7CBA427243B4936009CB3E0 /* BannersSubModuleProtocol.swift */; };
		A7CBA42B243BDAD3009CB3E0 /* UICollectionView+Extension.swift in Sources */ = {isa = PBXBuildFile; fileRef = A7CBA42A243BDAD3009CB3E0 /* UICollectionView+Extension.swift */; };
		A7CBA49B243FAEC7009CB3E0 /* VerificationCodeViewController.swift in Sources */ = {isa = PBXBuildFile; fileRef = A7CBA49A243FAEC7009CB3E0 /* VerificationCodeViewController.swift */; };
		A7CBA49D243FAF0E009CB3E0 /* SendCodeViewController.swift in Sources */ = {isa = PBXBuildFile; fileRef = A7CBA49C243FAF0E009CB3E0 /* SendCodeViewController.swift */; };
		A7CBA49F243FC846009CB3E0 /* GoogleService-Info.plist in Resources */ = {isa = PBXBuildFile; fileRef = A7CBA49E243FC845009CB3E0 /* GoogleService-Info.plist */; };
		A7CBA4A1243FD834009CB3E0 /* UIView+Extensions.swift in Sources */ = {isa = PBXBuildFile; fileRef = A7CBA4A0243FD833009CB3E0 /* UIView+Extensions.swift */; };
		A7CBA4A4243FDF68009CB3E0 /* AuthorisationViewController.swift in Sources */ = {isa = PBXBuildFile; fileRef = A7CBA4A3243FDF68009CB3E0 /* AuthorisationViewController.swift */; };
		A7CBA4A6243FDF7A009CB3E0 /* VerificationViewController.swift in Sources */ = {isa = PBXBuildFile; fileRef = A7CBA4A5243FDF7A009CB3E0 /* VerificationViewController.swift */; };
		A7F1343C2450B8F5000FF164 /* UICollectionCell.swift in Sources */ = {isa = PBXBuildFile; fileRef = A7F1343B2450B8F5000FF164 /* UICollectionCell.swift */; };
		A7F134412450D4BD000FF164 /* ShareLinkDelegate.swift in Sources */ = {isa = PBXBuildFile; fileRef = A7F134402450D4BD000FF164 /* ShareLinkDelegate.swift */; };
		A7F134482450DBFD000FF164 /* CreditListFavouriteViewController.swift in Sources */ = {isa = PBXBuildFile; fileRef = A7F134462450DBFD000FF164 /* CreditListFavouriteViewController.swift */; };
		A7F134492450DBFD000FF164 /* CreditListFavouriteViewController.xib in Resources */ = {isa = PBXBuildFile; fileRef = A7F134472450DBFD000FF164 /* CreditListFavouriteViewController.xib */; };
		A7F1344C24523604000FF164 /* CreditListFavouriteService.swift in Sources */ = {isa = PBXBuildFile; fileRef = A7F1344B24523604000FF164 /* CreditListFavouriteService.swift */; };
		A7F134542452504F000FF164 /* CreditListFavouriteNetwork.swift in Sources */ = {isa = PBXBuildFile; fileRef = A7F134532452504F000FF164 /* CreditListFavouriteNetwork.swift */; };
		D6D1EE4E45C987A1B10AC360 /* Pods_VseBankiRu.framework in Frameworks */ = {isa = PBXBuildFile; fileRef = 4199BABEF26A93EF38138288 /* Pods_VseBankiRu.framework */; };
/* End PBXBuildFile section */

/* Begin PBXFileReference section */
		299A7C7C20C649BB99026F55 /* Pods-VseBankiRu.release.xcconfig */ = {isa = PBXFileReference; includeInIndex = 1; lastKnownFileType = text.xcconfig; name = "Pods-VseBankiRu.release.xcconfig"; path = "Target Support Files/Pods-VseBankiRu/Pods-VseBankiRu.release.xcconfig"; sourceTree = "<group>"; };
		4199BABEF26A93EF38138288 /* Pods_VseBankiRu.framework */ = {isa = PBXFileReference; explicitFileType = wrapper.framework; includeInIndex = 0; path = Pods_VseBankiRu.framework; sourceTree = BUILT_PRODUCTS_DIR; };
		784D20937057BBD2AC0B4F01 /* Pods-VseBankiRu.debug.xcconfig */ = {isa = PBXFileReference; includeInIndex = 1; lastKnownFileType = text.xcconfig; name = "Pods-VseBankiRu.debug.xcconfig"; path = "Target Support Files/Pods-VseBankiRu/Pods-VseBankiRu.debug.xcconfig"; sourceTree = "<group>"; };
		A742A21C243287750008AEEF /* CreditsListViewController.swift */ = {isa = PBXFileReference; lastKnownFileType = sourcecode.swift; path = CreditsListViewController.swift; sourceTree = "<group>"; };
		A742A21D243287750008AEEF /* CreditsListViewController.xib */ = {isa = PBXFileReference; lastKnownFileType = file.xib; path = CreditsListViewController.xib; sourceTree = "<group>"; };
		A742A22424328B060008AEEF /* CreditsPromoCollectionViewCell.swift */ = {isa = PBXFileReference; lastKnownFileType = sourcecode.swift; path = CreditsPromoCollectionViewCell.swift; sourceTree = "<group>"; };
		A742A22524328B060008AEEF /* CreditsPromoCollectionViewCell.xib */ = {isa = PBXFileReference; lastKnownFileType = file.xib; path = CreditsPromoCollectionViewCell.xib; sourceTree = "<group>"; };
		A74480432444922800FD251C /* CreditCollectionViewCell.swift */ = {isa = PBXFileReference; lastKnownFileType = sourcecode.swift; path = CreditCollectionViewCell.swift; sourceTree = "<group>"; };
		A74480442444922800FD251C /* CreditCollectionViewCell.xib */ = {isa = PBXFileReference; lastKnownFileType = file.xib; path = CreditCollectionViewCell.xib; sourceTree = "<group>"; };
		A744804C244F4B7300FD251C /* CreditViewController.swift */ = {isa = PBXFileReference; lastKnownFileType = sourcecode.swift; path = CreditViewController.swift; sourceTree = "<group>"; };
		A744804D244F4B7300FD251C /* CreditViewController.xib */ = {isa = PBXFileReference; lastKnownFileType = file.xib; path = CreditViewController.xib; sourceTree = "<group>"; };
		A744AAE3244064BF009B5404 /* RegisterViewController.swift */ = {isa = PBXFileReference; lastKnownFileType = sourcecode.swift; path = RegisterViewController.swift; sourceTree = "<group>"; };
		A744AAE524409469009B5404 /* EmailVerificationViewController.swift */ = {isa = PBXFileReference; lastKnownFileType = sourcecode.swift; path = EmailVerificationViewController.swift; sourceTree = "<group>"; };
		A744AAEE2440F56B009B5404 /* User.swift */ = {isa = PBXFileReference; lastKnownFileType = sourcecode.swift; path = User.swift; sourceTree = "<group>"; };
		A744AAF02440F57C009B5404 /* CreditModel.swift */ = {isa = PBXFileReference; lastKnownFileType = sourcecode.swift; path = CreditModel.swift; sourceTree = "<group>"; };
		A744AAF22440FBCE009B5404 /* CreditsListNetwork.swift */ = {isa = PBXFileReference; lastKnownFileType = sourcecode.swift; path = CreditsListNetwork.swift; sourceTree = "<group>"; };
		A75D758824092F0400A20824 /* QuotationNetworkService.swift */ = {isa = PBXFileReference; lastKnownFileType = sourcecode.swift; path = QuotationNetworkService.swift; sourceTree = "<group>"; };
		A75D758B2409337300A20824 /* NetworkService.swift */ = {isa = PBXFileReference; lastKnownFileType = sourcecode.swift; path = NetworkService.swift; sourceTree = "<group>"; };
		A75D758E240933B500A20824 /* NetworkError.swift */ = {isa = PBXFileReference; lastKnownFileType = sourcecode.swift; path = NetworkError.swift; sourceTree = "<group>"; };
		A75D75932409386000A20824 /* QuotationModel.swift */ = {isa = PBXFileReference; lastKnownFileType = sourcecode.swift; path = QuotationModel.swift; sourceTree = "<group>"; };
		A78DF56D23FDAC140060F5A2 /* MainTabBarController.swift */ = {isa = PBXFileReference; lastKnownFileType = sourcecode.swift; path = MainTabBarController.swift; sourceTree = "<group>"; };
		A78DF56E23FDAC140060F5A2 /* MainTabBarController.xib */ = {isa = PBXFileReference; lastKnownFileType = file.xib; path = MainTabBarController.xib; sourceTree = "<group>"; };
		A78DF57123FDACB80060F5A2 /* PrivateOfficeViewController.swift */ = {isa = PBXFileReference; lastKnownFileType = sourcecode.swift; path = PrivateOfficeViewController.swift; sourceTree = "<group>"; };
		A78DF57223FDACB80060F5A2 /* PrivateOfficeViewController.xib */ = {isa = PBXFileReference; lastKnownFileType = file.xib; path = PrivateOfficeViewController.xib; sourceTree = "<group>"; };
		A78DF57523FDACED0060F5A2 /* MainNavigationController.swift */ = {isa = PBXFileReference; lastKnownFileType = sourcecode.swift; path = MainNavigationController.swift; sourceTree = "<group>"; };
		A78DF57623FDACED0060F5A2 /* MainNavigationController.xib */ = {isa = PBXFileReference; lastKnownFileType = file.xib; path = MainNavigationController.xib; sourceTree = "<group>"; };
		A796782223ED812600CE4E94 /* VseBankiRu.app */ = {isa = PBXFileReference; explicitFileType = wrapper.application; includeInIndex = 0; path = VseBankiRu.app; sourceTree = BUILT_PRODUCTS_DIR; };
		A796782523ED812600CE4E94 /* AppDelegate.swift */ = {isa = PBXFileReference; lastKnownFileType = sourcecode.swift; path = AppDelegate.swift; sourceTree = "<group>"; };
		A796782723ED812600CE4E94 /* SceneDelegate.swift */ = {isa = PBXFileReference; lastKnownFileType = sourcecode.swift; path = SceneDelegate.swift; sourceTree = "<group>"; };
		A796782C23ED812600CE4E94 /* Base */ = {isa = PBXFileReference; lastKnownFileType = file.storyboard; name = Base; path = Base.lproj/Main.storyboard; sourceTree = "<group>"; };
		A796782F23ED812600CE4E94 /* VseBankiRu.xcdatamodel */ = {isa = PBXFileReference; lastKnownFileType = wrapper.xcdatamodel; path = VseBankiRu.xcdatamodel; sourceTree = "<group>"; };
		A796783123ED812900CE4E94 /* Assets.xcassets */ = {isa = PBXFileReference; lastKnownFileType = folder.assetcatalog; path = Assets.xcassets; sourceTree = "<group>"; };
		A796783423ED812900CE4E94 /* Base */ = {isa = PBXFileReference; lastKnownFileType = file.storyboard; name = Base; path = Base.lproj/LaunchScreen.storyboard; sourceTree = "<group>"; };
		A796783623ED812900CE4E94 /* Info.plist */ = {isa = PBXFileReference; lastKnownFileType = text.plist.xml; path = Info.plist; sourceTree = "<group>"; };
		A796783C23ED81D000CE4E94 /* CatalogViewController.swift */ = {isa = PBXFileReference; lastKnownFileType = sourcecode.swift; path = CatalogViewController.swift; sourceTree = "<group>"; };
		A796783E23ED820400CE4E94 /* ServiceTypeModel.swift */ = {isa = PBXFileReference; lastKnownFileType = sourcecode.swift; path = ServiceTypeModel.swift; sourceTree = "<group>"; };
		A796784023ED82A700CE4E94 /* ServiceTypeCollectionViewCell.swift */ = {isa = PBXFileReference; lastKnownFileType = sourcecode.swift; path = ServiceTypeCollectionViewCell.swift; sourceTree = "<group>"; };
		A796784123ED82A700CE4E94 /* ServiceTypeCollectionViewCell.xib */ = {isa = PBXFileReference; lastKnownFileType = file.xib; path = ServiceTypeCollectionViewCell.xib; sourceTree = "<group>"; };
		A7C3CB6B23FEAEF400F5DB01 /* SF-Pro-Display-Semibold.otf */ = {isa = PBXFileReference; lastKnownFileType = file; path = "SF-Pro-Display-Semibold.otf"; sourceTree = "<group>"; };
		A7C3CB6C23FEAEF400F5DB01 /* SF-Pro-Text-Medium.otf */ = {isa = PBXFileReference; lastKnownFileType = file; path = "SF-Pro-Text-Medium.otf"; sourceTree = "<group>"; };
		A7C3CB6D23FEAEF400F5DB01 /* SF-Compact-Text-Regular.otf */ = {isa = PBXFileReference; lastKnownFileType = file; path = "SF-Compact-Text-Regular.otf"; sourceTree = "<group>"; };
		A7C3CB6E23FEAEF400F5DB01 /* SF-Pro-Text-Regular.otf */ = {isa = PBXFileReference; lastKnownFileType = file; path = "SF-Pro-Text-Regular.otf"; sourceTree = "<group>"; };
		A7C3CB6F23FEAEF500F5DB01 /* SF-Pro-Text-Bold.otf */ = {isa = PBXFileReference; lastKnownFileType = file; path = "SF-Pro-Text-Bold.otf"; sourceTree = "<group>"; };
		A7C3CB7023FEAEF500F5DB01 /* SF-Pro-Display-Regular.otf */ = {isa = PBXFileReference; lastKnownFileType = file; path = "SF-Pro-Display-Regular.otf"; sourceTree = "<group>"; };
		A7C3CB7123FEAEF500F5DB01 /* SF-Pro-Display-Medium.otf */ = {isa = PBXFileReference; lastKnownFileType = file; path = "SF-Pro-Display-Medium.otf"; sourceTree = "<group>"; };
		A7C3CB7223FEAEF500F5DB01 /* SF-Compact-Display-Regular.otf */ = {isa = PBXFileReference; lastKnownFileType = file; path = "SF-Compact-Display-Regular.otf"; sourceTree = "<group>"; };
		A7C3CB7323FEAEF500F5DB01 /* SF-Pro-Text-Light.otf */ = {isa = PBXFileReference; lastKnownFileType = file; path = "SF-Pro-Text-Light.otf"; sourceTree = "<group>"; };
		A7C3CB7D23FECFB600F5DB01 /* SF-Pro-Display-Bold.otf */ = {isa = PBXFileReference; lastKnownFileType = file; path = "SF-Pro-Display-Bold.otf"; sourceTree = "<group>"; };
		A7C3CB8023FEDD7000F5DB01 /* Gradient.swift */ = {isa = PBXFileReference; lastKnownFileType = sourcecode.swift; path = Gradient.swift; sourceTree = "<group>"; };
		A7CBA41E2438DB5F009CB3E0 /* firstViewController.swift */ = {isa = PBXFileReference; lastKnownFileType = sourcecode.swift; path = firstViewController.swift; sourceTree = "<group>"; };
		A7CBA41F2438DB5F009CB3E0 /* firstViewController.xib */ = {isa = PBXFileReference; lastKnownFileType = file.xib; path = firstViewController.xib; sourceTree = "<group>"; };
		A7CBA4242439132C009CB3E0 /* UIViewController+Extension.swift */ = {isa = PBXFileReference; lastKnownFileType = sourcecode.swift; path = "UIViewController+Extension.swift"; sourceTree = "<group>"; };
		A7CBA427243B4936009CB3E0 /* BannersSubModuleProtocol.swift */ = {isa = PBXFileReference; lastKnownFileType = sourcecode.swift; path = BannersSubModuleProtocol.swift; sourceTree = "<group>"; };
		A7CBA42A243BDAD3009CB3E0 /* UICollectionView+Extension.swift */ = {isa = PBXFileReference; lastKnownFileType = sourcecode.swift; path = "UICollectionView+Extension.swift"; sourceTree = "<group>"; };
		A7CBA499243F98E7009CB3E0 /* VseBankiRu.entitlements */ = {isa = PBXFileReference; lastKnownFileType = text.plist.entitlements; path = VseBankiRu.entitlements; sourceTree = "<group>"; };
		A7CBA49A243FAEC7009CB3E0 /* VerificationCodeViewController.swift */ = {isa = PBXFileReference; lastKnownFileType = sourcecode.swift; path = VerificationCodeViewController.swift; sourceTree = "<group>"; };
		A7CBA49C243FAF0E009CB3E0 /* SendCodeViewController.swift */ = {isa = PBXFileReference; lastKnownFileType = sourcecode.swift; path = SendCodeViewController.swift; sourceTree = "<group>"; };
		A7CBA49E243FC845009CB3E0 /* GoogleService-Info.plist */ = {isa = PBXFileReference; fileEncoding = 4; lastKnownFileType = text.plist.xml; path = "GoogleService-Info.plist"; sourceTree = "<group>"; };
		A7CBA4A0243FD833009CB3E0 /* UIView+Extensions.swift */ = {isa = PBXFileReference; lastKnownFileType = sourcecode.swift; path = "UIView+Extensions.swift"; sourceTree = "<group>"; };
		A7CBA4A3243FDF68009CB3E0 /* AuthorisationViewController.swift */ = {isa = PBXFileReference; lastKnownFileType = sourcecode.swift; path = AuthorisationViewController.swift; sourceTree = "<group>"; };
		A7CBA4A5243FDF7A009CB3E0 /* VerificationViewController.swift */ = {isa = PBXFileReference; lastKnownFileType = sourcecode.swift; path = VerificationViewController.swift; sourceTree = "<group>"; };
		A7F1343B2450B8F5000FF164 /* UICollectionCell.swift */ = {isa = PBXFileReference; lastKnownFileType = sourcecode.swift; path = UICollectionCell.swift; sourceTree = "<group>"; };
		A7F134402450D4BD000FF164 /* ShareLinkDelegate.swift */ = {isa = PBXFileReference; lastKnownFileType = sourcecode.swift; path = ShareLinkDelegate.swift; sourceTree = "<group>"; };
		A7F134462450DBFD000FF164 /* CreditListFavouriteViewController.swift */ = {isa = PBXFileReference; lastKnownFileType = sourcecode.swift; path = CreditListFavouriteViewController.swift; sourceTree = "<group>"; };
		A7F134472450DBFD000FF164 /* CreditListFavouriteViewController.xib */ = {isa = PBXFileReference; lastKnownFileType = file.xib; path = CreditListFavouriteViewController.xib; sourceTree = "<group>"; };
		A7F1344B24523604000FF164 /* CreditListFavouriteService.swift */ = {isa = PBXFileReference; lastKnownFileType = sourcecode.swift; path = CreditListFavouriteService.swift; sourceTree = "<group>"; };
		A7F134532452504F000FF164 /* CreditListFavouriteNetwork.swift */ = {isa = PBXFileReference; lastKnownFileType = sourcecode.swift; path = CreditListFavouriteNetwork.swift; sourceTree = "<group>"; };
/* End PBXFileReference section */

/* Begin PBXFrameworksBuildPhase section */
		A796781F23ED812600CE4E94 /* Frameworks */ = {
			isa = PBXFrameworksBuildPhase;
			buildActionMask = 2147483647;
			files = (
				D6D1EE4E45C987A1B10AC360 /* Pods_VseBankiRu.framework in Frameworks */,
			);
			runOnlyForDeploymentPostprocessing = 0;
		};
/* End PBXFrameworksBuildPhase section */

/* Begin PBXGroup section */
		0C27A0BE919F876F10152B0A /* Pods */ = {
			isa = PBXGroup;
			children = (
				784D20937057BBD2AC0B4F01 /* Pods-VseBankiRu.debug.xcconfig */,
				299A7C7C20C649BB99026F55 /* Pods-VseBankiRu.release.xcconfig */,
			);
			path = Pods;
			sourceTree = "<group>";
		};
		794DFAD4B3D15AA570A92718 /* Frameworks */ = {
			isa = PBXGroup;
			children = (
				4199BABEF26A93EF38138288 /* Pods_VseBankiRu.framework */,
			);
			name = Frameworks;
			sourceTree = "<group>";
		};
		A742A21B243286330008AEEF /* CreditsList */ = {
			isa = PBXGroup;
			children = (
				A744AAF42440FBEA009B5404 /* CreditsListNetwork */,
				A742A22324328AD60008AEEF /* Cells */,
				A742A22224328A570008AEEF /* Controller */,
				A742A22124328A500008AEEF /* View */,
				A742A22024328A470008AEEF /* Model */,
			);
			path = CreditsList;
			sourceTree = "<group>";
		};
		A742A22024328A470008AEEF /* Model */ = {
			isa = PBXGroup;
			children = (
				A744AAF02440F57C009B5404 /* CreditModel.swift */,
			);
			path = Model;
			sourceTree = "<group>";
		};
		A742A22124328A500008AEEF /* View */ = {
			isa = PBXGroup;
			children = (
				A742A21D243287750008AEEF /* CreditsListViewController.xib */,
			);
			path = View;
			sourceTree = "<group>";
		};
		A742A22224328A570008AEEF /* Controller */ = {
			isa = PBXGroup;
			children = (
				A742A21C243287750008AEEF /* CreditsListViewController.swift */,
			);
			path = Controller;
			sourceTree = "<group>";
		};
		A742A22324328AD60008AEEF /* Cells */ = {
			isa = PBXGroup;
			children = (
				A742A22424328B060008AEEF /* CreditsPromoCollectionViewCell.swift */,
				A742A22524328B060008AEEF /* CreditsPromoCollectionViewCell.xib */,
				A74480432444922800FD251C /* CreditCollectionViewCell.swift */,
				A74480442444922800FD251C /* CreditCollectionViewCell.xib */,
			);
			path = Cells;
			sourceTree = "<group>";
		};
		A7448050244F4EE700FD251C /* Credit */ = {
			isa = PBXGroup;
			children = (
				A7448053244F4F0000FD251C /* View */,
				A7448052244F4EFA00FD251C /* Model */,
				A7448051244F4EF200FD251C /* Controller */,
			);
			path = Credit;
			sourceTree = "<group>";
		};
		A7448051244F4EF200FD251C /* Controller */ = {
			isa = PBXGroup;
			children = (
				A744804C244F4B7300FD251C /* CreditViewController.swift */,
			);
			path = Controller;
			sourceTree = "<group>";
		};
		A7448052244F4EFA00FD251C /* Model */ = {
			isa = PBXGroup;
			children = (
			);
			path = Model;
			sourceTree = "<group>";
		};
		A7448053244F4F0000FD251C /* View */ = {
			isa = PBXGroup;
			children = (
				A744804D244F4B7300FD251C /* CreditViewController.xib */,
			);
			path = View;
			sourceTree = "<group>";
		};
		A744AAE72440B0C4009B5404 /* Gradient */ = {
			isa = PBXGroup;
			children = (
				A7C3CB8023FEDD7000F5DB01 /* Gradient.swift */,
			);
			path = Gradient;
			sourceTree = "<group>";
		};
		A744AAED2440F54B009B5404 /* FirebaseModels */ = {
			isa = PBXGroup;
			children = (
				A744AAEE2440F56B009B5404 /* User.swift */,
			);
			path = FirebaseModels;
			sourceTree = "<group>";
		};
		A744AAF42440FBEA009B5404 /* CreditsListNetwork */ = {
			isa = PBXGroup;
			children = (
				A744AAF22440FBCE009B5404 /* CreditsListNetwork.swift */,
			);
			path = CreditsListNetwork;
			sourceTree = "<group>";
		};
		A75D7582240929D000A20824 /* Model */ = {
			isa = PBXGroup;
			children = (
				A796783E23ED820400CE4E94 /* ServiceTypeModel.swift */,
				A75D75932409386000A20824 /* QuotationModel.swift */,
			);
			path = Model;
			sourceTree = "<group>";
		};
		A75D7583240929D900A20824 /* View */ = {
			isa = PBXGroup;
			children = (
				A796784023ED82A700CE4E94 /* ServiceTypeCollectionViewCell.swift */,
				A796784123ED82A700CE4E94 /* ServiceTypeCollectionViewCell.xib */,
			);
			path = View;
			sourceTree = "<group>";
		};
		A75D7584240929DF00A20824 /* Controller */ = {
			isa = PBXGroup;
			children = (
				A796783C23ED81D000CE4E94 /* CatalogViewController.swift */,
			);
			path = Controller;
			sourceTree = "<group>";
		};
		A75D758724092E8800A20824 /* QuotationNetworkService */ = {
			isa = PBXGroup;
			children = (
				A75D758824092F0400A20824 /* QuotationNetworkService.swift */,
			);
			path = QuotationNetworkService;
			sourceTree = "<group>";
		};
		A75D758A2409334D00A20824 /* NetworkService */ = {
			isa = PBXGroup;
			children = (
				A75D758B2409337300A20824 /* NetworkService.swift */,
			);
			path = NetworkService;
			sourceTree = "<group>";
		};
		A75D758D2409339A00A20824 /* NetworkError */ = {
			isa = PBXGroup;
			children = (
				A75D758E240933B500A20824 /* NetworkError.swift */,
			);
			path = NetworkError;
			sourceTree = "<group>";
		};
		A75D75902409378400A20824 /* Application */ = {
			isa = PBXGroup;
			children = (
				A744AAED2440F54B009B5404 /* FirebaseModels */,
				A75D7592240937AE00A20824 /* Controller */,
				A75D758D2409339A00A20824 /* NetworkError */,
				A75D758A2409334D00A20824 /* NetworkService */,
			);
			path = Application;
			sourceTree = "<group>";
		};
		A75D75912409379000A20824 /* trash */ = {
			isa = PBXGroup;
			children = (
				A7CBA49A243FAEC7009CB3E0 /* VerificationCodeViewController.swift */,
				A7CBA49C243FAF0E009CB3E0 /* SendCodeViewController.swift */,
				A78DF57523FDACED0060F5A2 /* MainNavigationController.swift */,
				A78DF57623FDACED0060F5A2 /* MainNavigationController.xib */,
				A78DF56D23FDAC140060F5A2 /* MainTabBarController.swift */,
				A78DF56E23FDAC140060F5A2 /* MainTabBarController.xib */,
				A78DF57123FDACB80060F5A2 /* PrivateOfficeViewController.swift */,
				A78DF57223FDACB80060F5A2 /* PrivateOfficeViewController.xib */,
				A796782723ED812600CE4E94 /* SceneDelegate.swift */,
				A7CBA41E2438DB5F009CB3E0 /* firstViewController.swift */,
				A7CBA41F2438DB5F009CB3E0 /* firstViewController.xib */,
			);
			path = trash;
			sourceTree = "<group>";
		};
		A75D7592240937AE00A20824 /* Controller */ = {
			isa = PBXGroup;
			children = (
				A796782523ED812600CE4E94 /* AppDelegate.swift */,
			);
			path = Controller;
			sourceTree = "<group>";
		};
		A78DF57923FDB52D0060F5A2 /* Catalog */ = {
			isa = PBXGroup;
			children = (
				A75D758724092E8800A20824 /* QuotationNetworkService */,
				A75D7584240929DF00A20824 /* Controller */,
				A75D7583240929D900A20824 /* View */,
				A75D7582240929D000A20824 /* Model */,
			);
			path = Catalog;
			sourceTree = "<group>";
		};
		A796781923ED812500CE4E94 = {
			isa = PBXGroup;
			children = (
				A796782423ED812600CE4E94 /* VseBankiRu */,
				A796782323ED812600CE4E94 /* Products */,
				0C27A0BE919F876F10152B0A /* Pods */,
				794DFAD4B3D15AA570A92718 /* Frameworks */,
			);
			sourceTree = "<group>";
		};
		A796782323ED812600CE4E94 /* Products */ = {
			isa = PBXGroup;
			children = (
				A796782223ED812600CE4E94 /* VseBankiRu.app */,
			);
			name = Products;
			sourceTree = "<group>";
		};
		A796782423ED812600CE4E94 /* VseBankiRu */ = {
			isa = PBXGroup;
			children = (
				A7CBA499243F98E7009CB3E0 /* VseBankiRu.entitlements */,
				A7F1343E2450D49F000FF164 /* Protocols */,
				A7CBA426243B491C009CB3E0 /* SubModules */,
				A7CBA42224391303009CB3E0 /* Common */,
				A75D75902409378400A20824 /* Application */,
				A7C3CB7F23FEDD5100F5DB01 /* ReUsable */,
				A7CBA41D2438D7B4009CB3E0 /* Modules */,
				A75D75912409379000A20824 /* trash */,
				A796782B23ED812600CE4E94 /* Main.storyboard */,
				A7C3CB6923FEAE7800F5DB01 /* Resourses */,
				A796783323ED812900CE4E94 /* LaunchScreen.storyboard */,
				A7CBA49E243FC845009CB3E0 /* GoogleService-Info.plist */,
				A796783623ED812900CE4E94 /* Info.plist */,
				A796782E23ED812600CE4E94 /* VseBankiRu.xcdatamodeld */,
			);
			path = VseBankiRu;
			sourceTree = "<group>";
		};
		A7C3CB6923FEAE7800F5DB01 /* Resourses */ = {
			isa = PBXGroup;
			children = (
				A7C3CB6A23FEAEDE00F5DB01 /* Fonts */,
				A796783123ED812900CE4E94 /* Assets.xcassets */,
			);
			path = Resourses;
			sourceTree = "<group>";
		};
		A7C3CB6A23FEAEDE00F5DB01 /* Fonts */ = {
			isa = PBXGroup;
			children = (
				A7C3CB7223FEAEF500F5DB01 /* SF-Compact-Display-Regular.otf */,
				A7C3CB6D23FEAEF400F5DB01 /* SF-Compact-Text-Regular.otf */,
				A7C3CB7123FEAEF500F5DB01 /* SF-Pro-Display-Medium.otf */,
				A7C3CB7D23FECFB600F5DB01 /* SF-Pro-Display-Bold.otf */,
				A7C3CB7023FEAEF500F5DB01 /* SF-Pro-Display-Regular.otf */,
				A7C3CB6B23FEAEF400F5DB01 /* SF-Pro-Display-Semibold.otf */,
				A7C3CB6F23FEAEF500F5DB01 /* SF-Pro-Text-Bold.otf */,
				A7C3CB7323FEAEF500F5DB01 /* SF-Pro-Text-Light.otf */,
				A7C3CB6C23FEAEF400F5DB01 /* SF-Pro-Text-Medium.otf */,
				A7C3CB6E23FEAEF400F5DB01 /* SF-Pro-Text-Regular.otf */,
			);
			path = Fonts;
			sourceTree = "<group>";
		};
		A7C3CB7F23FEDD5100F5DB01 /* ReUsable */ = {
			isa = PBXGroup;
			children = (
				A744AAE72440B0C4009B5404 /* Gradient */,
			);
			path = ReUsable;
			sourceTree = "<group>";
		};
		A7CBA41D2438D7B4009CB3E0 /* Modules */ = {
			isa = PBXGroup;
			children = (
				A7F134422450DBB1000FF164 /* CreditListFavourite */,
				A7448050244F4EE700FD251C /* Credit */,
				A78DF57923FDB52D0060F5A2 /* Catalog */,
				A742A21B243286330008AEEF /* CreditsList */,
				A7CBA4A7243FDF83009CB3E0 /* Authorisation */,
			);
			path = Modules;
			sourceTree = "<group>";
		};
		A7CBA42224391303009CB3E0 /* Common */ = {
			isa = PBXGroup;
			children = (
				A7CBA4232439130B009CB3E0 /* Extensions */,
			);
			path = Common;
			sourceTree = "<group>";
		};
		A7CBA4232439130B009CB3E0 /* Extensions */ = {
			isa = PBXGroup;
			children = (
				A7F1343D2450B90C000FF164 /* UICollectionCell */,
				A7CBA42C243BDAF9009CB3E0 /* UIViewController */,
				A7CBA429243BDAAD009CB3E0 /* UICollectionView */,
				A7CBA4A2243FD83D009CB3E0 /* UIView+Extensions */,
			);
			path = Extensions;
			sourceTree = "<group>";
		};
		A7CBA426243B491C009CB3E0 /* SubModules */ = {
			isa = PBXGroup;
			children = (
				A7CBA427243B4936009CB3E0 /* BannersSubModuleProtocol.swift */,
			);
			path = SubModules;
			sourceTree = "<group>";
		};
		A7CBA429243BDAAD009CB3E0 /* UICollectionView */ = {
			isa = PBXGroup;
			children = (
				A7CBA42A243BDAD3009CB3E0 /* UICollectionView+Extension.swift */,
			);
			path = UICollectionView;
			sourceTree = "<group>";
		};
		A7CBA42C243BDAF9009CB3E0 /* UIViewController */ = {
			isa = PBXGroup;
			children = (
				A7CBA4242439132C009CB3E0 /* UIViewController+Extension.swift */,
			);
			path = UIViewController;
			sourceTree = "<group>";
		};
		A7CBA4A2243FD83D009CB3E0 /* UIView+Extensions */ = {
			isa = PBXGroup;
			children = (
				A7CBA4A0243FD833009CB3E0 /* UIView+Extensions.swift */,
			);
			path = "UIView+Extensions";
			sourceTree = "<group>";
		};
		A7CBA4A7243FDF83009CB3E0 /* Authorisation */ = {
			isa = PBXGroup;
			children = (
				A7CBA4A3243FDF68009CB3E0 /* AuthorisationViewController.swift */,
				A7CBA4A5243FDF7A009CB3E0 /* VerificationViewController.swift */,
				A744AAE3244064BF009B5404 /* RegisterViewController.swift */,
				A744AAE524409469009B5404 /* EmailVerificationViewController.swift */,
			);
			path = Authorisation;
			sourceTree = "<group>";
		};
		A7F1343D2450B90C000FF164 /* UICollectionCell */ = {
			isa = PBXGroup;
			children = (
				A7F1343B2450B8F5000FF164 /* UICollectionCell.swift */,
			);
			path = UICollectionCell;
			sourceTree = "<group>";
		};
		A7F1343E2450D49F000FF164 /* Protocols */ = {
			isa = PBXGroup;
			children = (
				A7F1343F2450D4A9000FF164 /* Delegates */,
			);
			path = Protocols;
			sourceTree = "<group>";
		};
		A7F1343F2450D4A9000FF164 /* Delegates */ = {
			isa = PBXGroup;
			children = (
				A7F134402450D4BD000FF164 /* ShareLinkDelegate.swift */,
			);
			path = Delegates;
			sourceTree = "<group>";
		};
		A7F134422450DBB1000FF164 /* CreditListFavourite */ = {
			isa = PBXGroup;
			children = (
				A7F134522452501C000FF164 /* CreditListFavouriteNetwork */,
				A7F134452450DBDC000FF164 /* Controller */,
				A7F134442450DBD7000FF164 /* View */,
				A7F134432450DBD1000FF164 /* Model */,
				A7F1344B24523604000FF164 /* CreditListFavouriteService.swift */,
			);
			path = CreditListFavourite;
			sourceTree = "<group>";
		};
		A7F134432450DBD1000FF164 /* Model */ = {
			isa = PBXGroup;
			children = (
			);
			path = Model;
			sourceTree = "<group>";
		};
		A7F134442450DBD7000FF164 /* View */ = {
			isa = PBXGroup;
			children = (
				A7F134472450DBFD000FF164 /* CreditListFavouriteViewController.xib */,
			);
			path = View;
			sourceTree = "<group>";
		};
		A7F134452450DBDC000FF164 /* Controller */ = {
			isa = PBXGroup;
			children = (
				A7F134462450DBFD000FF164 /* CreditListFavouriteViewController.swift */,
			);
			path = Controller;
			sourceTree = "<group>";
		};
		A7F134522452501C000FF164 /* CreditListFavouriteNetwork */ = {
			isa = PBXGroup;
			children = (
				A7F134532452504F000FF164 /* CreditListFavouriteNetwork.swift */,
			);
			path = CreditListFavouriteNetwork;
			sourceTree = "<group>";
		};
/* End PBXGroup section */

/* Begin PBXNativeTarget section */
		A796782123ED812600CE4E94 /* VseBankiRu */ = {
			isa = PBXNativeTarget;
			buildConfigurationList = A796783923ED812900CE4E94 /* Build configuration list for PBXNativeTarget "VseBankiRu" */;
			buildPhases = (
				B25BFFA1DA013EE642804600 /* [CP] Check Pods Manifest.lock */,
				A796781E23ED812600CE4E94 /* Sources */,
				A796781F23ED812600CE4E94 /* Frameworks */,
				A796782023ED812600CE4E94 /* Resources */,
				B78BAE3F29EAEDAA091FFA76 /* [CP] Embed Pods Frameworks */,
			);
			buildRules = (
			);
			dependencies = (
			);
			name = VseBankiRu;
			productName = VseBankiRu;
			productReference = A796782223ED812600CE4E94 /* VseBankiRu.app */;
			productType = "com.apple.product-type.application";
		};
/* End PBXNativeTarget section */

/* Begin PBXProject section */
		A796781A23ED812500CE4E94 /* Project object */ = {
			isa = PBXProject;
			attributes = {
				LastSwiftUpdateCheck = 1120;
				LastUpgradeCheck = 1120;
				ORGANIZATIONNAME = "Мах Ol";
				TargetAttributes = {
					A796782123ED812600CE4E94 = {
						CreatedOnToolsVersion = 11.2.1;
					};
				};
			};
			buildConfigurationList = A796781D23ED812500CE4E94 /* Build configuration list for PBXProject "VseBankiRu" */;
			compatibilityVersion = "Xcode 9.3";
			developmentRegion = en;
			hasScannedForEncodings = 0;
			knownRegions = (
				en,
				Base,
			);
			mainGroup = A796781923ED812500CE4E94;
			productRefGroup = A796782323ED812600CE4E94 /* Products */;
			projectDirPath = "";
			projectRoot = "";
			targets = (
				A796782123ED812600CE4E94 /* VseBankiRu */,
			);
		};
/* End PBXProject section */

/* Begin PBXResourcesBuildPhase section */
		A796782023ED812600CE4E94 /* Resources */ = {
			isa = PBXResourcesBuildPhase;
			buildActionMask = 2147483647;
			files = (
				A7C3CB7723FEAEF500F5DB01 /* SF-Pro-Text-Regular.otf in Resources */,
				A742A22724328B060008AEEF /* CreditsPromoCollectionViewCell.xib in Resources */,
				A7C3CB7923FEAEF500F5DB01 /* SF-Pro-Display-Regular.otf in Resources */,
				A7C3CB7623FEAEF500F5DB01 /* SF-Compact-Text-Regular.otf in Resources */,
				A7C3CB7823FEAEF500F5DB01 /* SF-Pro-Text-Bold.otf in Resources */,
				A7C3CB7423FEAEF500F5DB01 /* SF-Pro-Display-Semibold.otf in Resources */,
				A744804F244F4B7300FD251C /* CreditViewController.xib in Resources */,
				A7C3CB7B23FEAEF500F5DB01 /* SF-Compact-Display-Regular.otf in Resources */,
				A7CBA4212438DB5F009CB3E0 /* firstViewController.xib in Resources */,
				A78DF57823FDACED0060F5A2 /* MainNavigationController.xib in Resources */,
				A7C3CB7A23FEAEF500F5DB01 /* SF-Pro-Display-Medium.otf in Resources */,
				A796784323ED82A700CE4E94 /* ServiceTypeCollectionViewCell.xib in Resources */,
				A742A21F243287750008AEEF /* CreditsListViewController.xib in Resources */,
				A796783523ED812900CE4E94 /* LaunchScreen.storyboard in Resources */,
				A7C3CB7C23FEAEF500F5DB01 /* SF-Pro-Text-Light.otf in Resources */,
				A796783223ED812900CE4E94 /* Assets.xcassets in Resources */,
				A796782D23ED812600CE4E94 /* Main.storyboard in Resources */,
				A7F134492450DBFD000FF164 /* CreditListFavouriteViewController.xib in Resources */,
				A78DF57423FDACB80060F5A2 /* PrivateOfficeViewController.xib in Resources */,
				A7C3CB7E23FECFB600F5DB01 /* SF-Pro-Display-Bold.otf in Resources */,
				A7CBA49F243FC846009CB3E0 /* GoogleService-Info.plist in Resources */,
				A78DF57023FDAC140060F5A2 /* MainTabBarController.xib in Resources */,
				A7C3CB7523FEAEF500F5DB01 /* SF-Pro-Text-Medium.otf in Resources */,
				A74480462444922800FD251C /* CreditCollectionViewCell.xib in Resources */,
			);
			runOnlyForDeploymentPostprocessing = 0;
		};
/* End PBXResourcesBuildPhase section */

/* Begin PBXShellScriptBuildPhase section */
		B25BFFA1DA013EE642804600 /* [CP] Check Pods Manifest.lock */ = {
			isa = PBXShellScriptBuildPhase;
			buildActionMask = 2147483647;
			files = (
			);
			inputFileListPaths = (
			);
			inputPaths = (
				"${PODS_PODFILE_DIR_PATH}/Podfile.lock",
				"${PODS_ROOT}/Manifest.lock",
			);
			name = "[CP] Check Pods Manifest.lock";
			outputFileListPaths = (
			);
			outputPaths = (
				"$(DERIVED_FILE_DIR)/Pods-VseBankiRu-checkManifestLockResult.txt",
			);
			runOnlyForDeploymentPostprocessing = 0;
			shellPath = /bin/sh;
			shellScript = "diff \"${PODS_PODFILE_DIR_PATH}/Podfile.lock\" \"${PODS_ROOT}/Manifest.lock\" > /dev/null\nif [ $? != 0 ] ; then\n    # print error to STDERR\n    echo \"error: The sandbox is not in sync with the Podfile.lock. Run 'pod install' or update your CocoaPods installation.\" >&2\n    exit 1\nfi\n# This output is used by Xcode 'outputs' to avoid re-running this script phase.\necho \"SUCCESS\" > \"${SCRIPT_OUTPUT_FILE_0}\"\n";
			showEnvVarsInLog = 0;
		};
		B78BAE3F29EAEDAA091FFA76 /* [CP] Embed Pods Frameworks */ = {
			isa = PBXShellScriptBuildPhase;
			buildActionMask = 2147483647;
			files = (
			);
			inputFileListPaths = (
				"${PODS_ROOT}/Target Support Files/Pods-VseBankiRu/Pods-VseBankiRu-frameworks-${CONFIGURATION}-input-files.xcfilelist",
			);
			name = "[CP] Embed Pods Frameworks";
			outputFileListPaths = (
				"${PODS_ROOT}/Target Support Files/Pods-VseBankiRu/Pods-VseBankiRu-frameworks-${CONFIGURATION}-output-files.xcfilelist",
			);
			runOnlyForDeploymentPostprocessing = 0;
			shellPath = /bin/sh;
			shellScript = "\"${PODS_ROOT}/Target Support Files/Pods-VseBankiRu/Pods-VseBankiRu-frameworks.sh\"\n";
			showEnvVarsInLog = 0;
		};
/* End PBXShellScriptBuildPhase section */

/* Begin PBXSourcesBuildPhase section */
		A796781E23ED812600CE4E94 /* Sources */ = {
			isa = PBXSourcesBuildPhase;
			buildActionMask = 2147483647;
			files = (
				A7F134412450D4BD000FF164 /* ShareLinkDelegate.swift in Sources */,
				A744AAE4244064BF009B5404 /* RegisterViewController.swift in Sources */,
				A7CBA4A6243FDF7A009CB3E0 /* VerificationViewController.swift in Sources */,
				A78DF57723FDACED0060F5A2 /* MainNavigationController.swift in Sources */,
				A7F1344C24523604000FF164 /* CreditListFavouriteService.swift in Sources */,
				A742A22624328B060008AEEF /* CreditsPromoCollectionViewCell.swift in Sources */,
				A796783D23ED81D000CE4E94 /* CatalogViewController.swift in Sources */,
				A7F1343C2450B8F5000FF164 /* UICollectionCell.swift in Sources */,
				A7CBA4252439132C009CB3E0 /* UIViewController+Extension.swift in Sources */,
				A7C3CB8123FEDD7000F5DB01 /* Gradient.swift in Sources */,
				A796783023ED812600CE4E94 /* VseBankiRu.xcdatamodeld in Sources */,
				A744AAF32440FBCE009B5404 /* CreditsListNetwork.swift in Sources */,
				A744AAEF2440F56B009B5404 /* User.swift in Sources */,
				A7CBA4A1243FD834009CB3E0 /* UIView+Extensions.swift in Sources */,
				A7CBA49B243FAEC7009CB3E0 /* VerificationCodeViewController.swift in Sources */,
				A7F134482450DBFD000FF164 /* CreditListFavouriteViewController.swift in Sources */,
				A796782623ED812600CE4E94 /* AppDelegate.swift in Sources */,
				A742A21E243287750008AEEF /* CreditsListViewController.swift in Sources */,
				A7CBA428243B4936009CB3E0 /* BannersSubModuleProtocol.swift in Sources */,
				A744804E244F4B7300FD251C /* CreditViewController.swift in Sources */,
				A7CBA49D243FAF0E009CB3E0 /* SendCodeViewController.swift in Sources */,
				A7F134542452504F000FF164 /* CreditListFavouriteNetwork.swift in Sources */,
				A78DF56F23FDAC140060F5A2 /* MainTabBarController.swift in Sources */,
				A796783F23ED820400CE4E94 /* ServiceTypeModel.swift in Sources */,
				A75D758924092F0400A20824 /* QuotationNetworkService.swift in Sources */,
				A75D75942409386000A20824 /* QuotationModel.swift in Sources */,
				A744AAE624409469009B5404 /* EmailVerificationViewController.swift in Sources */,
				A796784223ED82A700CE4E94 /* ServiceTypeCollectionViewCell.swift in Sources */,
				A7CBA4A4243FDF68009CB3E0 /* AuthorisationViewController.swift in Sources */,
				A7CBA42B243BDAD3009CB3E0 /* UICollectionView+Extension.swift in Sources */,
				A744AAF12440F57C009B5404 /* CreditModel.swift in Sources */,
				A78DF57323FDACB80060F5A2 /* PrivateOfficeViewController.swift in Sources */,
				A74480452444922800FD251C /* CreditCollectionViewCell.swift in Sources */,
				A75D758C2409337300A20824 /* NetworkService.swift in Sources */,
				A75D758F240933B500A20824 /* NetworkError.swift in Sources */,
				A796782823ED812600CE4E94 /* SceneDelegate.swift in Sources */,
				A7CBA4202438DB5F009CB3E0 /* firstViewController.swift in Sources */,
			);
			runOnlyForDeploymentPostprocessing = 0;
		};
/* End PBXSourcesBuildPhase section */

/* Begin PBXVariantGroup section */
		A796782B23ED812600CE4E94 /* Main.storyboard */ = {
			isa = PBXVariantGroup;
			children = (
				A796782C23ED812600CE4E94 /* Base */,
			);
			name = Main.storyboard;
			sourceTree = "<group>";
		};
		A796783323ED812900CE4E94 /* LaunchScreen.storyboard */ = {
			isa = PBXVariantGroup;
			children = (
				A796783423ED812900CE4E94 /* Base */,
			);
			name = LaunchScreen.storyboard;
			sourceTree = "<group>";
		};
/* End PBXVariantGroup section */

/* Begin XCBuildConfiguration section */
		A796783723ED812900CE4E94 /* Debug */ = {
			isa = XCBuildConfiguration;
			buildSettings = {
				ALWAYS_SEARCH_USER_PATHS = NO;
				CLANG_ANALYZER_NONNULL = YES;
				CLANG_ANALYZER_NUMBER_OBJECT_CONVERSION = YES_AGGRESSIVE;
				CLANG_CXX_LANGUAGE_STANDARD = "gnu++14";
				CLANG_CXX_LIBRARY = "libc++";
				CLANG_ENABLE_MODULES = YES;
				CLANG_ENABLE_OBJC_ARC = YES;
				CLANG_ENABLE_OBJC_WEAK = YES;
				CLANG_WARN_BLOCK_CAPTURE_AUTORELEASING = YES;
				CLANG_WARN_BOOL_CONVERSION = YES;
				CLANG_WARN_COMMA = YES;
				CLANG_WARN_CONSTANT_CONVERSION = YES;
				CLANG_WARN_DEPRECATED_OBJC_IMPLEMENTATIONS = YES;
				CLANG_WARN_DIRECT_OBJC_ISA_USAGE = YES_ERROR;
				CLANG_WARN_DOCUMENTATION_COMMENTS = YES;
				CLANG_WARN_EMPTY_BODY = YES;
				CLANG_WARN_ENUM_CONVERSION = YES;
				CLANG_WARN_INFINITE_RECURSION = YES;
				CLANG_WARN_INT_CONVERSION = YES;
				CLANG_WARN_NON_LITERAL_NULL_CONVERSION = YES;
				CLANG_WARN_OBJC_IMPLICIT_RETAIN_SELF = YES;
				CLANG_WARN_OBJC_LITERAL_CONVERSION = YES;
				CLANG_WARN_OBJC_ROOT_CLASS = YES_ERROR;
				CLANG_WARN_RANGE_LOOP_ANALYSIS = YES;
				CLANG_WARN_STRICT_PROTOTYPES = YES;
				CLANG_WARN_SUSPICIOUS_MOVE = YES;
				CLANG_WARN_UNGUARDED_AVAILABILITY = YES_AGGRESSIVE;
				CLANG_WARN_UNREACHABLE_CODE = YES;
				CLANG_WARN__DUPLICATE_METHOD_MATCH = YES;
				COPY_PHASE_STRIP = NO;
				DEBUG_INFORMATION_FORMAT = dwarf;
				ENABLE_STRICT_OBJC_MSGSEND = YES;
				ENABLE_TESTABILITY = YES;
				GCC_C_LANGUAGE_STANDARD = gnu11;
				GCC_DYNAMIC_NO_PIC = NO;
				GCC_NO_COMMON_BLOCKS = YES;
				GCC_OPTIMIZATION_LEVEL = 0;
				GCC_PREPROCESSOR_DEFINITIONS = (
					"DEBUG=1",
					"$(inherited)",
				);
				GCC_WARN_64_TO_32_BIT_CONVERSION = YES;
				GCC_WARN_ABOUT_RETURN_TYPE = YES_ERROR;
				GCC_WARN_UNDECLARED_SELECTOR = YES;
				GCC_WARN_UNINITIALIZED_AUTOS = YES_AGGRESSIVE;
				GCC_WARN_UNUSED_FUNCTION = YES;
				GCC_WARN_UNUSED_VARIABLE = YES;
				IPHONEOS_DEPLOYMENT_TARGET = 13.0;
				MTL_ENABLE_DEBUG_INFO = INCLUDE_SOURCE;
				MTL_FAST_MATH = YES;
				ONLY_ACTIVE_ARCH = YES;
				SDKROOT = iphoneos;
				SWIFT_ACTIVE_COMPILATION_CONDITIONS = DEBUG;
				SWIFT_OPTIMIZATION_LEVEL = "-Onone";
			};
			name = Debug;
		};
		A796783823ED812900CE4E94 /* Release */ = {
			isa = XCBuildConfiguration;
			buildSettings = {
				ALWAYS_SEARCH_USER_PATHS = NO;
				CLANG_ANALYZER_NONNULL = YES;
				CLANG_ANALYZER_NUMBER_OBJECT_CONVERSION = YES_AGGRESSIVE;
				CLANG_CXX_LANGUAGE_STANDARD = "gnu++14";
				CLANG_CXX_LIBRARY = "libc++";
				CLANG_ENABLE_MODULES = YES;
				CLANG_ENABLE_OBJC_ARC = YES;
				CLANG_ENABLE_OBJC_WEAK = YES;
				CLANG_WARN_BLOCK_CAPTURE_AUTORELEASING = YES;
				CLANG_WARN_BOOL_CONVERSION = YES;
				CLANG_WARN_COMMA = YES;
				CLANG_WARN_CONSTANT_CONVERSION = YES;
				CLANG_WARN_DEPRECATED_OBJC_IMPLEMENTATIONS = YES;
				CLANG_WARN_DIRECT_OBJC_ISA_USAGE = YES_ERROR;
				CLANG_WARN_DOCUMENTATION_COMMENTS = YES;
				CLANG_WARN_EMPTY_BODY = YES;
				CLANG_WARN_ENUM_CONVERSION = YES;
				CLANG_WARN_INFINITE_RECURSION = YES;
				CLANG_WARN_INT_CONVERSION = YES;
				CLANG_WARN_NON_LITERAL_NULL_CONVERSION = YES;
				CLANG_WARN_OBJC_IMPLICIT_RETAIN_SELF = YES;
				CLANG_WARN_OBJC_LITERAL_CONVERSION = YES;
				CLANG_WARN_OBJC_ROOT_CLASS = YES_ERROR;
				CLANG_WARN_RANGE_LOOP_ANALYSIS = YES;
				CLANG_WARN_STRICT_PROTOTYPES = YES;
				CLANG_WARN_SUSPICIOUS_MOVE = YES;
				CLANG_WARN_UNGUARDED_AVAILABILITY = YES_AGGRESSIVE;
				CLANG_WARN_UNREACHABLE_CODE = YES;
				CLANG_WARN__DUPLICATE_METHOD_MATCH = YES;
				COPY_PHASE_STRIP = NO;
				DEBUG_INFORMATION_FORMAT = "dwarf-with-dsym";
				ENABLE_NS_ASSERTIONS = NO;
				ENABLE_STRICT_OBJC_MSGSEND = YES;
				GCC_C_LANGUAGE_STANDARD = gnu11;
				GCC_NO_COMMON_BLOCKS = YES;
				GCC_WARN_64_TO_32_BIT_CONVERSION = YES;
				GCC_WARN_ABOUT_RETURN_TYPE = YES_ERROR;
				GCC_WARN_UNDECLARED_SELECTOR = YES;
				GCC_WARN_UNINITIALIZED_AUTOS = YES_AGGRESSIVE;
				GCC_WARN_UNUSED_FUNCTION = YES;
				GCC_WARN_UNUSED_VARIABLE = YES;
				IPHONEOS_DEPLOYMENT_TARGET = 13.0;
				MTL_ENABLE_DEBUG_INFO = NO;
				MTL_FAST_MATH = YES;
				SDKROOT = iphoneos;
				SWIFT_COMPILATION_MODE = wholemodule;
				SWIFT_OPTIMIZATION_LEVEL = "-O";
				VALIDATE_PRODUCT = YES;
			};
			name = Release;
		};
		A796783A23ED812900CE4E94 /* Debug */ = {
			isa = XCBuildConfiguration;
			baseConfigurationReference = 784D20937057BBD2AC0B4F01 /* Pods-VseBankiRu.debug.xcconfig */;
			buildSettings = {
				ASSETCATALOG_COMPILER_APPICON_NAME = AppIcon;
				CODE_SIGN_ENTITLEMENTS = VseBankiRu/VseBankiRu.entitlements;
				CODE_SIGN_STYLE = Automatic;
				DEVELOPMENT_TEAM = X9TG2DA4WH;
				INFOPLIST_FILE = VseBankiRu/Info.plist;
				LD_RUNPATH_SEARCH_PATHS = (
					"$(inherited)",
					"@executable_path/Frameworks",
				);
				PRODUCT_BUNDLE_IDENTIFIER = ru.MaxOl.VseBankiRu;
				PRODUCT_NAME = "$(TARGET_NAME)";
				SWIFT_VERSION = 5.0;
				TARGETED_DEVICE_FAMILY = "1,2";
			};
			name = Debug;
		};
		A796783B23ED812900CE4E94 /* Release */ = {
			isa = XCBuildConfiguration;
			baseConfigurationReference = 299A7C7C20C649BB99026F55 /* Pods-VseBankiRu.release.xcconfig */;
			buildSettings = {
				ASSETCATALOG_COMPILER_APPICON_NAME = AppIcon;
				CODE_SIGN_ENTITLEMENTS = VseBankiRu/VseBankiRu.entitlements;
				CODE_SIGN_STYLE = Automatic;
				DEVELOPMENT_TEAM = X9TG2DA4WH;
				INFOPLIST_FILE = VseBankiRu/Info.plist;
				LD_RUNPATH_SEARCH_PATHS = (
					"$(inherited)",
					"@executable_path/Frameworks",
				);
				PRODUCT_BUNDLE_IDENTIFIER = ru.MaxOl.VseBankiRu;
				PRODUCT_NAME = "$(TARGET_NAME)";
				SWIFT_VERSION = 5.0;
				TARGETED_DEVICE_FAMILY = "1,2";
			};
			name = Release;
		};
/* End XCBuildConfiguration section */

/* Begin XCConfigurationList section */
		A796781D23ED812500CE4E94 /* Build configuration list for PBXProject "VseBankiRu" */ = {
			isa = XCConfigurationList;
			buildConfigurations = (
				A796783723ED812900CE4E94 /* Debug */,
				A796783823ED812900CE4E94 /* Release */,
			);
			defaultConfigurationIsVisible = 0;
			defaultConfigurationName = Release;
		};
		A796783923ED812900CE4E94 /* Build configuration list for PBXNativeTarget "VseBankiRu" */ = {
			isa = XCConfigurationList;
			buildConfigurations = (
				A796783A23ED812900CE4E94 /* Debug */,
				A796783B23ED812900CE4E94 /* Release */,
			);
			defaultConfigurationIsVisible = 0;
			defaultConfigurationName = Release;
		};
/* End XCConfigurationList section */

/* Begin XCVersionGroup section */
		A796782E23ED812600CE4E94 /* VseBankiRu.xcdatamodeld */ = {
			isa = XCVersionGroup;
			children = (
				A796782F23ED812600CE4E94 /* VseBankiRu.xcdatamodel */,
			);
			currentVersion = A796782F23ED812600CE4E94 /* VseBankiRu.xcdatamodel */;
			path = VseBankiRu.xcdatamodeld;
			sourceTree = "<group>";
			versionGroupType = wrapper.xcdatamodel;
		};
/* End XCVersionGroup section */
	};
	rootObject = A796781A23ED812500CE4E94 /* Project object */;
}
