// !$*UTF8*$!
{
	archiveVersion = 1;
	classes = {
	};
	objectVersion = 52;
	objects = {

/* Begin PBXBuildFile section */
		A7304D0324545F5100F0AECF /* CreditsPromoCollectionViewCell.swift in Sources */ = {isa = PBXBuildFile; fileRef = A7304D0124545F5100F0AECF /* CreditsPromoCollectionViewCell.swift */; };
		A7304D0424545F5100F0AECF /* CreditsPromoCollectionViewCell.xib in Resources */ = {isa = PBXBuildFile; fileRef = A7304D0224545F5100F0AECF /* CreditsPromoCollectionViewCell.xib */; };
		A7304D122455CF6D00F0AECF /* CreditSkeletonCollectionViewCell.swift in Sources */ = {isa = PBXBuildFile; fileRef = A7304D102455CF6C00F0AECF /* CreditSkeletonCollectionViewCell.swift */; };
		A7304D132455CF6D00F0AECF /* CreditSkeletonCollectionViewCell.xib in Resources */ = {isa = PBXBuildFile; fileRef = A7304D112455CF6D00F0AECF /* CreditSkeletonCollectionViewCell.xib */; };
		A7304D1E2456343700F0AECF /* CreditsListFilterViewController.swift in Sources */ = {isa = PBXBuildFile; fileRef = A7304D1C2456343700F0AECF /* CreditsListFilterViewController.swift */; };
		A7304D1F2456343700F0AECF /* CreditsListFilterViewController.xib in Resources */ = {isa = PBXBuildFile; fileRef = A7304D1D2456343700F0AECF /* CreditsListFilterViewController.xib */; };
		A7304D2224563FC900F0AECF /* LoadingButton.swift in Sources */ = {isa = PBXBuildFile; fileRef = A7304D2124563FC900F0AECF /* LoadingButton.swift */; };
		A7304D262456446700F0AECF /* CreditsListFilterItemCell.swift in Sources */ = {isa = PBXBuildFile; fileRef = A7304D242456446700F0AECF /* CreditsListFilterItemCell.swift */; };
		A7304D272456446700F0AECF /* CreditsListFilterItemCell.xib in Resources */ = {isa = PBXBuildFile; fileRef = A7304D252456446700F0AECF /* CreditsListFilterItemCell.xib */; };
		A7304D2A245647DC00F0AECF /* UITableViewCell+Extension.swift in Sources */ = {isa = PBXBuildFile; fileRef = A7304D29245647DC00F0AECF /* UITableViewCell+Extension.swift */; };
		A7304D2F245708C200F0AECF /* CreditsListSliderCell.swift in Sources */ = {isa = PBXBuildFile; fileRef = A7304D2D245708C200F0AECF /* CreditsListSliderCell.swift */; };
		A7304D30245708C200F0AECF /* CreditsListSliderCell.xib in Resources */ = {isa = PBXBuildFile; fileRef = A7304D2E245708C200F0AECF /* CreditsListSliderCell.xib */; };
		A7304D322457125F00F0AECF /* FilterItemModel.swift in Sources */ = {isa = PBXBuildFile; fileRef = A7304D312457125F00F0AECF /* FilterItemModel.swift */; };
		A7304D3724572ECA00F0AECF /* CurrencySymbols.swift in Sources */ = {isa = PBXBuildFile; fileRef = A7304D3624572ECA00F0AECF /* CurrencySymbols.swift */; };
		A7304D3A24572FD900F0AECF /* Formatter.swift in Sources */ = {isa = PBXBuildFile; fileRef = A7304D3924572FD900F0AECF /* Formatter.swift */; };
		A7304D3D2457304000F0AECF /* Numeric.swift in Sources */ = {isa = PBXBuildFile; fileRef = A7304D3C2457304000F0AECF /* Numeric.swift */; };
		A7304D432457400600F0AECF /* CreditsListFilterSwitchCell.swift in Sources */ = {isa = PBXBuildFile; fileRef = A7304D412457400600F0AECF /* CreditsListFilterSwitchCell.swift */; };
		A7304D442457400600F0AECF /* CreditsListFilterSwitchCell.xib in Resources */ = {isa = PBXBuildFile; fileRef = A7304D422457400600F0AECF /* CreditsListFilterSwitchCell.xib */; };
		A7304D4724578C2800F0AECF /* Double+Extension.swift in Sources */ = {isa = PBXBuildFile; fileRef = A7304D4624578C2800F0AECF /* Double+Extension.swift */; };
		A7304D4B245889DF00F0AECF /* CreditsListFilterDrawerViewController.swift in Sources */ = {isa = PBXBuildFile; fileRef = A7304D49245889DF00F0AECF /* CreditsListFilterDrawerViewController.swift */; };
		A7304D4C245889DF00F0AECF /* CreditsListFilterDrawerViewController.xib in Resources */ = {isa = PBXBuildFile; fileRef = A7304D4A245889DF00F0AECF /* CreditsListFilterDrawerViewController.xib */; };
		A7304D522458975400F0AECF /* GlobalVar.swift in Sources */ = {isa = PBXBuildFile; fileRef = A7304D512458975400F0AECF /* GlobalVar.swift */; };
		A7304D562458D3F600F0AECF /* CreditsListFilterDrawerCell.swift in Sources */ = {isa = PBXBuildFile; fileRef = A7304D542458D3F600F0AECF /* CreditsListFilterDrawerCell.swift */; };
		A7304D572458D3F600F0AECF /* CreditsListFilterDrawerCell.xib in Resources */ = {isa = PBXBuildFile; fileRef = A7304D552458D3F600F0AECF /* CreditsListFilterDrawerCell.xib */; };
		A7304D592458D63400F0AECF /* CreditsListFilterDrawerViewControllerDelegate.swift in Sources */ = {isa = PBXBuildFile; fileRef = A7304D582458D63400F0AECF /* CreditsListFilterDrawerViewControllerDelegate.swift */; };
		A7304D7E245901F300F0AECF /* SceneDelegate.swift in Sources */ = {isa = PBXBuildFile; fileRef = A7304D7D245901F300F0AECF /* SceneDelegate.swift */; };
		A7304D80245B76AE00F0AECF /* PassDataFromFilterToListDelegate.swift in Sources */ = {isa = PBXBuildFile; fileRef = A7304D7F245B76AD00F0AECF /* PassDataFromFilterToListDelegate.swift */; };
		A7359E4F245F1CBD0091E673 /* CreditsListDetailViewController.swift in Sources */ = {isa = PBXBuildFile; fileRef = A7359E4D245F1CBD0091E673 /* CreditsListDetailViewController.swift */; };
		A7359E50245F1CBD0091E673 /* CreditsListDetailViewController.xib in Resources */ = {isa = PBXBuildFile; fileRef = A7359E4E245F1CBD0091E673 /* CreditsListDetailViewController.xib */; };
		A7359E54245F27250091E673 /* LogoNameTableViewCell.swift in Sources */ = {isa = PBXBuildFile; fileRef = A7359E52245F27250091E673 /* LogoNameTableViewCell.swift */; };
		A7359E55245F27250091E673 /* LogoNameTableViewCell.xib in Resources */ = {isa = PBXBuildFile; fileRef = A7359E53245F27250091E673 /* LogoNameTableViewCell.xib */; };
		A7359E58245F27380091E673 /* TitleTitleTableViewCell.swift in Sources */ = {isa = PBXBuildFile; fileRef = A7359E56245F27380091E673 /* TitleTitleTableViewCell.swift */; };
		A7359E59245F27380091E673 /* TitleTitleTableViewCell.xib in Resources */ = {isa = PBXBuildFile; fileRef = A7359E57245F27380091E673 /* TitleTitleTableViewCell.xib */; };
		A7359E5E245F73460091E673 /* DescriptionCell.swift in Sources */ = {isa = PBXBuildFile; fileRef = A7359E5C245F73460091E673 /* DescriptionCell.swift */; };
		A7359E5F245F73460091E673 /* DescriptionCell.xib in Resources */ = {isa = PBXBuildFile; fileRef = A7359E5D245F73460091E673 /* DescriptionCell.xib */; };
		A7359E68245F833E0091E673 /* SegmentControllTableViewCell.swift in Sources */ = {isa = PBXBuildFile; fileRef = A7359E66245F833E0091E673 /* SegmentControllTableViewCell.swift */; };
		A7359E69245F833E0091E673 /* SegmentControllTableViewCell.xib in Resources */ = {isa = PBXBuildFile; fileRef = A7359E67245F833E0091E673 /* SegmentControllTableViewCell.xib */; };
		A7359E6B246044820091E673 /* ScrollableSegmentControll.swift in Sources */ = {isa = PBXBuildFile; fileRef = A7359E6A246044820091E673 /* ScrollableSegmentControll.swift */; };
		A7359E6D24604F460091E673 /* CreditsDetailDelegate.swift in Sources */ = {isa = PBXBuildFile; fileRef = A7359E6C24604F460091E673 /* CreditsDetailDelegate.swift */; };
		A7359E71246059FD0091E673 /* DocumentsTableViewCell.swift in Sources */ = {isa = PBXBuildFile; fileRef = A7359E6F246059FD0091E673 /* DocumentsTableViewCell.swift */; };
		A7359E72246059FD0091E673 /* DocumentsTableViewCell.xib in Resources */ = {isa = PBXBuildFile; fileRef = A7359E70246059FD0091E673 /* DocumentsTableViewCell.xib */; };
		A7359E742460958A0091E673 /* DocumentsType.swift in Sources */ = {isa = PBXBuildFile; fileRef = A7359E732460958A0091E673 /* DocumentsType.swift */; };
		A7359E78246099170091E673 /* DocumentsItemTableViewCell.swift in Sources */ = {isa = PBXBuildFile; fileRef = A7359E76246099170091E673 /* DocumentsItemTableViewCell.swift */; };
		A7359E79246099170091E673 /* DocumentsItemTableViewCell.xib in Resources */ = {isa = PBXBuildFile; fileRef = A7359E77246099170091E673 /* DocumentsItemTableViewCell.xib */; };
		A7359E7C2461C8D00091E673 /* ButtonTableViewCell.swift in Sources */ = {isa = PBXBuildFile; fileRef = A7359E7A2461C8D00091E673 /* ButtonTableViewCell.swift */; };
		A7359E7D2461C8D00091E673 /* ButtonTableViewCell.xib in Resources */ = {isa = PBXBuildFile; fileRef = A7359E7B2461C8D00091E673 /* ButtonTableViewCell.xib */; };
		A7359E7F2461CC270091E673 /* CreditsListDetailDelegate.swift in Sources */ = {isa = PBXBuildFile; fileRef = A7359E7E2461CC270091E673 /* CreditsListDetailDelegate.swift */; };
		A7359E832461E80D0091E673 /* EmptyTableViewCell.swift in Sources */ = {isa = PBXBuildFile; fileRef = A7359E812461E80D0091E673 /* EmptyTableViewCell.swift */; };
		A7359E842461E80D0091E673 /* EmptyTableViewCell.xib in Resources */ = {isa = PBXBuildFile; fileRef = A7359E822461E80D0091E673 /* EmptyTableViewCell.xib */; };
		A742A21E243287750008AEEF /* CreditsListViewController.swift in Sources */ = {isa = PBXBuildFile; fileRef = A742A21C243287750008AEEF /* CreditsListViewController.swift */; };
		A742A21F243287750008AEEF /* CreditsListViewController.xib in Resources */ = {isa = PBXBuildFile; fileRef = A742A21D243287750008AEEF /* CreditsListViewController.xib */; };
		A74480452444922800FD251C /* CreditCollectionViewCell.swift in Sources */ = {isa = PBXBuildFile; fileRef = A74480432444922800FD251C /* CreditCollectionViewCell.swift */; };
		A74480462444922800FD251C /* CreditCollectionViewCell.xib in Resources */ = {isa = PBXBuildFile; fileRef = A74480442444922800FD251C /* CreditCollectionViewCell.xib */; };
		A744AAE4244064BF009B5404 /* RegisterViewController.swift in Sources */ = {isa = PBXBuildFile; fileRef = A744AAE3244064BF009B5404 /* RegisterViewController.swift */; };
		A744AAE624409469009B5404 /* EmailVerificationViewController.swift in Sources */ = {isa = PBXBuildFile; fileRef = A744AAE524409469009B5404 /* EmailVerificationViewController.swift */; };
		A744AAEF2440F56B009B5404 /* User.swift in Sources */ = {isa = PBXBuildFile; fileRef = A744AAEE2440F56B009B5404 /* User.swift */; };
		A744AAF12440F57C009B5404 /* CreditModel.swift in Sources */ = {isa = PBXBuildFile; fileRef = A744AAF02440F57C009B5404 /* CreditModel.swift */; };
		A744AAF32440FBCE009B5404 /* CreditsListNetwork.swift in Sources */ = {isa = PBXBuildFile; fileRef = A744AAF22440FBCE009B5404 /* CreditsListNetwork.swift */; };
		A75D758924092F0400A20824 /* QuotationNetworkService.swift in Sources */ = {isa = PBXBuildFile; fileRef = A75D758824092F0400A20824 /* QuotationNetworkService.swift */; };
		A75D758C2409337300A20824 /* NetworkService.swift in Sources */ = {isa = PBXBuildFile; fileRef = A75D758B2409337300A20824 /* NetworkService.swift */; };
		A75D758F240933B500A20824 /* NetworkError.swift in Sources */ = {isa = PBXBuildFile; fileRef = A75D758E240933B500A20824 /* NetworkError.swift */; };
		A75D75942409386000A20824 /* QuotationModel.swift in Sources */ = {isa = PBXBuildFile; fileRef = A75D75932409386000A20824 /* QuotationModel.swift */; };
		A796782623ED812600CE4E94 /* AppDelegate.swift in Sources */ = {isa = PBXBuildFile; fileRef = A796782523ED812600CE4E94 /* AppDelegate.swift */; };
		A796782D23ED812600CE4E94 /* Main.storyboard in Resources */ = {isa = PBXBuildFile; fileRef = A796782B23ED812600CE4E94 /* Main.storyboard */; };
		A796783023ED812600CE4E94 /* VseBankiRu.xcdatamodeld in Sources */ = {isa = PBXBuildFile; fileRef = A796782E23ED812600CE4E94 /* VseBankiRu.xcdatamodeld */; };
		A796783223ED812900CE4E94 /* Assets.xcassets in Resources */ = {isa = PBXBuildFile; fileRef = A796783123ED812900CE4E94 /* Assets.xcassets */; };
		A796783523ED812900CE4E94 /* LaunchScreen.storyboard in Resources */ = {isa = PBXBuildFile; fileRef = A796783323ED812900CE4E94 /* LaunchScreen.storyboard */; };
		A796783D23ED81D000CE4E94 /* CatalogViewController.swift in Sources */ = {isa = PBXBuildFile; fileRef = A796783C23ED81D000CE4E94 /* CatalogViewController.swift */; };
		A796783F23ED820400CE4E94 /* ServiceTypeModel.swift in Sources */ = {isa = PBXBuildFile; fileRef = A796783E23ED820400CE4E94 /* ServiceTypeModel.swift */; };
		A796784223ED82A700CE4E94 /* ServiceTypeCollectionViewCell.swift in Sources */ = {isa = PBXBuildFile; fileRef = A796784023ED82A700CE4E94 /* ServiceTypeCollectionViewCell.swift */; };
		A796784323ED82A700CE4E94 /* ServiceTypeCollectionViewCell.xib in Resources */ = {isa = PBXBuildFile; fileRef = A796784123ED82A700CE4E94 /* ServiceTypeCollectionViewCell.xib */; };
		A7C3CB7423FEAEF500F5DB01 /* SF-Pro-Display-Semibold.otf in Resources */ = {isa = PBXBuildFile; fileRef = A7C3CB6B23FEAEF400F5DB01 /* SF-Pro-Display-Semibold.otf */; };
		A7C3CB7523FEAEF500F5DB01 /* SF-Pro-Text-Medium.otf in Resources */ = {isa = PBXBuildFile; fileRef = A7C3CB6C23FEAEF400F5DB01 /* SF-Pro-Text-Medium.otf */; };
		A7C3CB7623FEAEF500F5DB01 /* SF-Compact-Text-Regular.otf in Resources */ = {isa = PBXBuildFile; fileRef = A7C3CB6D23FEAEF400F5DB01 /* SF-Compact-Text-Regular.otf */; };
		A7C3CB7723FEAEF500F5DB01 /* SF-Pro-Text-Regular.otf in Resources */ = {isa = PBXBuildFile; fileRef = A7C3CB6E23FEAEF400F5DB01 /* SF-Pro-Text-Regular.otf */; };
		A7C3CB7823FEAEF500F5DB01 /* SF-Pro-Text-Bold.otf in Resources */ = {isa = PBXBuildFile; fileRef = A7C3CB6F23FEAEF500F5DB01 /* SF-Pro-Text-Bold.otf */; };
		A7C3CB7923FEAEF500F5DB01 /* SF-Pro-Display-Regular.otf in Resources */ = {isa = PBXBuildFile; fileRef = A7C3CB7023FEAEF500F5DB01 /* SF-Pro-Display-Regular.otf */; };
		A7C3CB7A23FEAEF500F5DB01 /* SF-Pro-Display-Medium.otf in Resources */ = {isa = PBXBuildFile; fileRef = A7C3CB7123FEAEF500F5DB01 /* SF-Pro-Display-Medium.otf */; };
		A7C3CB7B23FEAEF500F5DB01 /* SF-Compact-Display-Regular.otf in Resources */ = {isa = PBXBuildFile; fileRef = A7C3CB7223FEAEF500F5DB01 /* SF-Compact-Display-Regular.otf */; };
		A7C3CB7C23FEAEF500F5DB01 /* SF-Pro-Text-Light.otf in Resources */ = {isa = PBXBuildFile; fileRef = A7C3CB7323FEAEF500F5DB01 /* SF-Pro-Text-Light.otf */; };
		A7C3CB7E23FECFB600F5DB01 /* SF-Pro-Display-Bold.otf in Resources */ = {isa = PBXBuildFile; fileRef = A7C3CB7D23FECFB600F5DB01 /* SF-Pro-Display-Bold.otf */; };
		A7C3CB8123FEDD7000F5DB01 /* Gradient.swift in Sources */ = {isa = PBXBuildFile; fileRef = A7C3CB8023FEDD7000F5DB01 /* Gradient.swift */; };
		A7CBA4252439132C009CB3E0 /* UIViewController+Extension.swift in Sources */ = {isa = PBXBuildFile; fileRef = A7CBA4242439132C009CB3E0 /* UIViewController+Extension.swift */; };
		A7CBA428243B4936009CB3E0 /* BannersSubModuleProtocol.swift in Sources */ = {isa = PBXBuildFile; fileRef = A7CBA427243B4936009CB3E0 /* BannersSubModuleProtocol.swift */; };
		A7CBA42B243BDAD3009CB3E0 /* UICollectionView+Extension.swift in Sources */ = {isa = PBXBuildFile; fileRef = A7CBA42A243BDAD3009CB3E0 /* UICollectionView+Extension.swift */; };
		A7CBA49F243FC846009CB3E0 /* GoogleService-Info.plist in Resources */ = {isa = PBXBuildFile; fileRef = A7CBA49E243FC845009CB3E0 /* GoogleService-Info.plist */; };
		A7CBA4A1243FD834009CB3E0 /* UIView+Extensions.swift in Sources */ = {isa = PBXBuildFile; fileRef = A7CBA4A0243FD833009CB3E0 /* UIView+Extensions.swift */; };
		A7CBA4A4243FDF68009CB3E0 /* AuthorisationViewController.swift in Sources */ = {isa = PBXBuildFile; fileRef = A7CBA4A3243FDF68009CB3E0 /* AuthorisationViewController.swift */; };
		A7CBA4A6243FDF7A009CB3E0 /* VerificationViewController.swift in Sources */ = {isa = PBXBuildFile; fileRef = A7CBA4A5243FDF7A009CB3E0 /* VerificationViewController.swift */; };
		A7F1343C2450B8F5000FF164 /* UICollectionCell.swift in Sources */ = {isa = PBXBuildFile; fileRef = A7F1343B2450B8F5000FF164 /* UICollectionCell.swift */; };
		A7F134412450D4BD000FF164 /* ShareLinkDelegate.swift in Sources */ = {isa = PBXBuildFile; fileRef = A7F134402450D4BD000FF164 /* ShareLinkDelegate.swift */; };
		A7F134482450DBFD000FF164 /* CreditListFavouriteViewController.swift in Sources */ = {isa = PBXBuildFile; fileRef = A7F134462450DBFD000FF164 /* CreditListFavouriteViewController.swift */; };
		A7F134492450DBFD000FF164 /* CreditListFavouriteViewController.xib in Resources */ = {isa = PBXBuildFile; fileRef = A7F134472450DBFD000FF164 /* CreditListFavouriteViewController.xib */; };
		A7F1344C24523604000FF164 /* CreditListFavouriteService.swift in Sources */ = {isa = PBXBuildFile; fileRef = A7F1344B24523604000FF164 /* CreditListFavouriteService.swift */; };
		A7F134542452504F000FF164 /* CreditListFavouriteNetwork.swift in Sources */ = {isa = PBXBuildFile; fileRef = A7F134532452504F000FF164 /* CreditListFavouriteNetwork.swift */; };
		D6D1EE4E45C987A1B10AC360 /* Pods_VseBankiRu.framework in Frameworks */ = {isa = PBXBuildFile; fileRef = 4199BABEF26A93EF38138288 /* Pods_VseBankiRu.framework */; };
/* End PBXBuildFile section */

/* Begin PBXFileReference section */
		299A7C7C20C649BB99026F55 /* Pods-VseBankiRu.release.xcconfig */ = {isa = PBXFileReference; includeInIndex = 1; lastKnownFileType = text.xcconfig; name = "Pods-VseBankiRu.release.xcconfig"; path = "Target Support Files/Pods-VseBankiRu/Pods-VseBankiRu.release.xcconfig"; sourceTree = "<group>"; };
		4199BABEF26A93EF38138288 /* Pods_VseBankiRu.framework */ = {isa = PBXFileReference; explicitFileType = wrapper.framework; includeInIndex = 0; path = Pods_VseBankiRu.framework; sourceTree = BUILT_PRODUCTS_DIR; };
		784D20937057BBD2AC0B4F01 /* Pods-VseBankiRu.debug.xcconfig */ = {isa = PBXFileReference; includeInIndex = 1; lastKnownFileType = text.xcconfig; name = "Pods-VseBankiRu.debug.xcconfig"; path = "Target Support Files/Pods-VseBankiRu/Pods-VseBankiRu.debug.xcconfig"; sourceTree = "<group>"; };
		A7304D0124545F5100F0AECF /* CreditsPromoCollectionViewCell.swift */ = {isa = PBXFileReference; lastKnownFileType = sourcecode.swift; path = CreditsPromoCollectionViewCell.swift; sourceTree = "<group>"; };
		A7304D0224545F5100F0AECF /* CreditsPromoCollectionViewCell.xib */ = {isa = PBXFileReference; lastKnownFileType = file.xib; path = CreditsPromoCollectionViewCell.xib; sourceTree = "<group>"; };
		A7304D102455CF6C00F0AECF /* CreditSkeletonCollectionViewCell.swift */ = {isa = PBXFileReference; lastKnownFileType = sourcecode.swift; path = CreditSkeletonCollectionViewCell.swift; sourceTree = "<group>"; };
		A7304D112455CF6D00F0AECF /* CreditSkeletonCollectionViewCell.xib */ = {isa = PBXFileReference; lastKnownFileType = file.xib; path = CreditSkeletonCollectionViewCell.xib; sourceTree = "<group>"; };
		A7304D1C2456343700F0AECF /* CreditsListFilterViewController.swift */ = {isa = PBXFileReference; lastKnownFileType = sourcecode.swift; path = CreditsListFilterViewController.swift; sourceTree = "<group>"; };
		A7304D1D2456343700F0AECF /* CreditsListFilterViewController.xib */ = {isa = PBXFileReference; lastKnownFileType = file.xib; path = CreditsListFilterViewController.xib; sourceTree = "<group>"; };
		A7304D2124563FC900F0AECF /* LoadingButton.swift */ = {isa = PBXFileReference; lastKnownFileType = sourcecode.swift; path = LoadingButton.swift; sourceTree = "<group>"; };
		A7304D242456446700F0AECF /* CreditsListFilterItemCell.swift */ = {isa = PBXFileReference; lastKnownFileType = sourcecode.swift; path = CreditsListFilterItemCell.swift; sourceTree = "<group>"; };
		A7304D252456446700F0AECF /* CreditsListFilterItemCell.xib */ = {isa = PBXFileReference; lastKnownFileType = file.xib; path = CreditsListFilterItemCell.xib; sourceTree = "<group>"; };
		A7304D29245647DC00F0AECF /* UITableViewCell+Extension.swift */ = {isa = PBXFileReference; lastKnownFileType = sourcecode.swift; path = "UITableViewCell+Extension.swift"; sourceTree = "<group>"; };
		A7304D2D245708C200F0AECF /* CreditsListSliderCell.swift */ = {isa = PBXFileReference; lastKnownFileType = sourcecode.swift; path = CreditsListSliderCell.swift; sourceTree = "<group>"; };
		A7304D2E245708C200F0AECF /* CreditsListSliderCell.xib */ = {isa = PBXFileReference; lastKnownFileType = file.xib; path = CreditsListSliderCell.xib; sourceTree = "<group>"; };
		A7304D312457125F00F0AECF /* FilterItemModel.swift */ = {isa = PBXFileReference; lastKnownFileType = sourcecode.swift; path = FilterItemModel.swift; sourceTree = "<group>"; };
		A7304D3624572ECA00F0AECF /* CurrencySymbols.swift */ = {isa = PBXFileReference; lastKnownFileType = sourcecode.swift; path = CurrencySymbols.swift; sourceTree = "<group>"; };
		A7304D3924572FD900F0AECF /* Formatter.swift */ = {isa = PBXFileReference; lastKnownFileType = sourcecode.swift; path = Formatter.swift; sourceTree = "<group>"; };
		A7304D3C2457304000F0AECF /* Numeric.swift */ = {isa = PBXFileReference; lastKnownFileType = sourcecode.swift; path = Numeric.swift; sourceTree = "<group>"; };
		A7304D412457400600F0AECF /* CreditsListFilterSwitchCell.swift */ = {isa = PBXFileReference; lastKnownFileType = sourcecode.swift; path = CreditsListFilterSwitchCell.swift; sourceTree = "<group>"; };
		A7304D422457400600F0AECF /* CreditsListFilterSwitchCell.xib */ = {isa = PBXFileReference; lastKnownFileType = file.xib; path = CreditsListFilterSwitchCell.xib; sourceTree = "<group>"; };
		A7304D4624578C2800F0AECF /* Double+Extension.swift */ = {isa = PBXFileReference; lastKnownFileType = sourcecode.swift; path = "Double+Extension.swift"; sourceTree = "<group>"; };
		A7304D49245889DF00F0AECF /* CreditsListFilterDrawerViewController.swift */ = {isa = PBXFileReference; lastKnownFileType = sourcecode.swift; path = CreditsListFilterDrawerViewController.swift; sourceTree = "<group>"; };
		A7304D4A245889DF00F0AECF /* CreditsListFilterDrawerViewController.xib */ = {isa = PBXFileReference; lastKnownFileType = file.xib; path = CreditsListFilterDrawerViewController.xib; sourceTree = "<group>"; };
		A7304D512458975400F0AECF /* GlobalVar.swift */ = {isa = PBXFileReference; lastKnownFileType = sourcecode.swift; path = GlobalVar.swift; sourceTree = "<group>"; };
		A7304D542458D3F600F0AECF /* CreditsListFilterDrawerCell.swift */ = {isa = PBXFileReference; lastKnownFileType = sourcecode.swift; path = CreditsListFilterDrawerCell.swift; sourceTree = "<group>"; };
		A7304D552458D3F600F0AECF /* CreditsListFilterDrawerCell.xib */ = {isa = PBXFileReference; lastKnownFileType = file.xib; path = CreditsListFilterDrawerCell.xib; sourceTree = "<group>"; };
		A7304D582458D63400F0AECF /* CreditsListFilterDrawerViewControllerDelegate.swift */ = {isa = PBXFileReference; lastKnownFileType = sourcecode.swift; path = CreditsListFilterDrawerViewControllerDelegate.swift; sourceTree = "<group>"; };
		A7304D7D245901F300F0AECF /* SceneDelegate.swift */ = {isa = PBXFileReference; lastKnownFileType = sourcecode.swift; path = SceneDelegate.swift; sourceTree = "<group>"; };
		A7304D7F245B76AD00F0AECF /* PassDataFromFilterToListDelegate.swift */ = {isa = PBXFileReference; lastKnownFileType = sourcecode.swift; path = PassDataFromFilterToListDelegate.swift; sourceTree = "<group>"; };
		A7359E4D245F1CBD0091E673 /* CreditsListDetailViewController.swift */ = {isa = PBXFileReference; lastKnownFileType = sourcecode.swift; path = CreditsListDetailViewController.swift; sourceTree = "<group>"; };
		A7359E4E245F1CBD0091E673 /* CreditsListDetailViewController.xib */ = {isa = PBXFileReference; lastKnownFileType = file.xib; path = CreditsListDetailViewController.xib; sourceTree = "<group>"; };
		A7359E52245F27250091E673 /* LogoNameTableViewCell.swift */ = {isa = PBXFileReference; lastKnownFileType = sourcecode.swift; path = LogoNameTableViewCell.swift; sourceTree = "<group>"; };
		A7359E53245F27250091E673 /* LogoNameTableViewCell.xib */ = {isa = PBXFileReference; lastKnownFileType = file.xib; path = LogoNameTableViewCell.xib; sourceTree = "<group>"; };
		A7359E56245F27380091E673 /* TitleTitleTableViewCell.swift */ = {isa = PBXFileReference; lastKnownFileType = sourcecode.swift; path = TitleTitleTableViewCell.swift; sourceTree = "<group>"; };
		A7359E57245F27380091E673 /* TitleTitleTableViewCell.xib */ = {isa = PBXFileReference; lastKnownFileType = file.xib; path = TitleTitleTableViewCell.xib; sourceTree = "<group>"; };
		A7359E5C245F73460091E673 /* DescriptionCell.swift */ = {isa = PBXFileReference; lastKnownFileType = sourcecode.swift; path = DescriptionCell.swift; sourceTree = "<group>"; };
		A7359E5D245F73460091E673 /* DescriptionCell.xib */ = {isa = PBXFileReference; lastKnownFileType = file.xib; path = DescriptionCell.xib; sourceTree = "<group>"; };
		A7359E66245F833E0091E673 /* SegmentControllTableViewCell.swift */ = {isa = PBXFileReference; lastKnownFileType = sourcecode.swift; path = SegmentControllTableViewCell.swift; sourceTree = "<group>"; };
		A7359E67245F833E0091E673 /* SegmentControllTableViewCell.xib */ = {isa = PBXFileReference; lastKnownFileType = file.xib; path = SegmentControllTableViewCell.xib; sourceTree = "<group>"; };
		A7359E6A246044820091E673 /* ScrollableSegmentControll.swift */ = {isa = PBXFileReference; lastKnownFileType = sourcecode.swift; path = ScrollableSegmentControll.swift; sourceTree = "<group>"; };
		A7359E6C24604F460091E673 /* CreditsDetailDelegate.swift */ = {isa = PBXFileReference; lastKnownFileType = sourcecode.swift; path = CreditsDetailDelegate.swift; sourceTree = "<group>"; };
		A7359E6F246059FD0091E673 /* DocumentsTableViewCell.swift */ = {isa = PBXFileReference; lastKnownFileType = sourcecode.swift; path = DocumentsTableViewCell.swift; sourceTree = "<group>"; };
		A7359E70246059FD0091E673 /* DocumentsTableViewCell.xib */ = {isa = PBXFileReference; lastKnownFileType = file.xib; path = DocumentsTableViewCell.xib; sourceTree = "<group>"; };
		A7359E732460958A0091E673 /* DocumentsType.swift */ = {isa = PBXFileReference; lastKnownFileType = sourcecode.swift; path = DocumentsType.swift; sourceTree = "<group>"; };
		A7359E76246099170091E673 /* DocumentsItemTableViewCell.swift */ = {isa = PBXFileReference; lastKnownFileType = sourcecode.swift; path = DocumentsItemTableViewCell.swift; sourceTree = "<group>"; };
		A7359E77246099170091E673 /* DocumentsItemTableViewCell.xib */ = {isa = PBXFileReference; lastKnownFileType = file.xib; path = DocumentsItemTableViewCell.xib; sourceTree = "<group>"; };
		A7359E7A2461C8D00091E673 /* ButtonTableViewCell.swift */ = {isa = PBXFileReference; lastKnownFileType = sourcecode.swift; path = ButtonTableViewCell.swift; sourceTree = "<group>"; };
		A7359E7B2461C8D00091E673 /* ButtonTableViewCell.xib */ = {isa = PBXFileReference; lastKnownFileType = file.xib; path = ButtonTableViewCell.xib; sourceTree = "<group>"; };
		A7359E7E2461CC270091E673 /* CreditsListDetailDelegate.swift */ = {isa = PBXFileReference; lastKnownFileType = sourcecode.swift; path = CreditsListDetailDelegate.swift; sourceTree = "<group>"; };
		A7359E812461E80D0091E673 /* EmptyTableViewCell.swift */ = {isa = PBXFileReference; lastKnownFileType = sourcecode.swift; path = EmptyTableViewCell.swift; sourceTree = "<group>"; };
		A7359E822461E80D0091E673 /* EmptyTableViewCell.xib */ = {isa = PBXFileReference; lastKnownFileType = file.xib; path = EmptyTableViewCell.xib; sourceTree = "<group>"; };
		A742A21C243287750008AEEF /* CreditsListViewController.swift */ = {isa = PBXFileReference; lastKnownFileType = sourcecode.swift; path = CreditsListViewController.swift; sourceTree = "<group>"; };
		A742A21D243287750008AEEF /* CreditsListViewController.xib */ = {isa = PBXFileReference; lastKnownFileType = file.xib; path = CreditsListViewController.xib; sourceTree = "<group>"; };
		A74480432444922800FD251C /* CreditCollectionViewCell.swift */ = {isa = PBXFileReference; lastKnownFileType = sourcecode.swift; path = CreditCollectionViewCell.swift; sourceTree = "<group>"; };
		A74480442444922800FD251C /* CreditCollectionViewCell.xib */ = {isa = PBXFileReference; lastKnownFileType = file.xib; path = CreditCollectionViewCell.xib; sourceTree = "<group>"; };
		A744AAE3244064BF009B5404 /* RegisterViewController.swift */ = {isa = PBXFileReference; lastKnownFileType = sourcecode.swift; path = RegisterViewController.swift; sourceTree = "<group>"; };
		A744AAE524409469009B5404 /* EmailVerificationViewController.swift */ = {isa = PBXFileReference; lastKnownFileType = sourcecode.swift; path = EmailVerificationViewController.swift; sourceTree = "<group>"; };
		A744AAEE2440F56B009B5404 /* User.swift */ = {isa = PBXFileReference; lastKnownFileType = sourcecode.swift; path = User.swift; sourceTree = "<group>"; };
		A744AAF02440F57C009B5404 /* CreditModel.swift */ = {isa = PBXFileReference; lastKnownFileType = sourcecode.swift; path = CreditModel.swift; sourceTree = "<group>"; };
		A744AAF22440FBCE009B5404 /* CreditsListNetwork.swift */ = {isa = PBXFileReference; lastKnownFileType = sourcecode.swift; path = CreditsListNetwork.swift; sourceTree = "<group>"; };
		A75D758824092F0400A20824 /* QuotationNetworkService.swift */ = {isa = PBXFileReference; lastKnownFileType = sourcecode.swift; path = QuotationNetworkService.swift; sourceTree = "<group>"; };
		A75D758B2409337300A20824 /* NetworkService.swift */ = {isa = PBXFileReference; lastKnownFileType = sourcecode.swift; path = NetworkService.swift; sourceTree = "<group>"; };
		A75D758E240933B500A20824 /* NetworkError.swift */ = {isa = PBXFileReference; lastKnownFileType = sourcecode.swift; path = NetworkError.swift; sourceTree = "<group>"; };
		A75D75932409386000A20824 /* QuotationModel.swift */ = {isa = PBXFileReference; lastKnownFileType = sourcecode.swift; path = QuotationModel.swift; sourceTree = "<group>"; };
		A796782223ED812600CE4E94 /* VseBankiRu.app */ = {isa = PBXFileReference; explicitFileType = wrapper.application; includeInIndex = 0; path = VseBankiRu.app; sourceTree = BUILT_PRODUCTS_DIR; };
		A796782523ED812600CE4E94 /* AppDelegate.swift */ = {isa = PBXFileReference; lastKnownFileType = sourcecode.swift; path = AppDelegate.swift; sourceTree = "<group>"; };
		A796782C23ED812600CE4E94 /* Base */ = {isa = PBXFileReference; lastKnownFileType = file.storyboard; name = Base; path = Base.lproj/Main.storyboard; sourceTree = "<group>"; };
		A796782F23ED812600CE4E94 /* VseBankiRu.xcdatamodel */ = {isa = PBXFileReference; lastKnownFileType = wrapper.xcdatamodel; path = VseBankiRu.xcdatamodel; sourceTree = "<group>"; };
		A796783123ED812900CE4E94 /* Assets.xcassets */ = {isa = PBXFileReference; lastKnownFileType = folder.assetcatalog; path = Assets.xcassets; sourceTree = "<group>"; };
		A796783423ED812900CE4E94 /* Base */ = {isa = PBXFileReference; lastKnownFileType = file.storyboard; name = Base; path = Base.lproj/LaunchScreen.storyboard; sourceTree = "<group>"; };
		A796783623ED812900CE4E94 /* Info.plist */ = {isa = PBXFileReference; lastKnownFileType = text.plist.xml; path = Info.plist; sourceTree = "<group>"; };
		A796783C23ED81D000CE4E94 /* CatalogViewController.swift */ = {isa = PBXFileReference; lastKnownFileType = sourcecode.swift; path = CatalogViewController.swift; sourceTree = "<group>"; };
		A796783E23ED820400CE4E94 /* ServiceTypeModel.swift */ = {isa = PBXFileReference; lastKnownFileType = sourcecode.swift; path = ServiceTypeModel.swift; sourceTree = "<group>"; };
		A796784023ED82A700CE4E94 /* ServiceTypeCollectionViewCell.swift */ = {isa = PBXFileReference; lastKnownFileType = sourcecode.swift; path = ServiceTypeCollectionViewCell.swift; sourceTree = "<group>"; };
		A796784123ED82A700CE4E94 /* ServiceTypeCollectionViewCell.xib */ = {isa = PBXFileReference; lastKnownFileType = file.xib; path = ServiceTypeCollectionViewCell.xib; sourceTree = "<group>"; };
		A7C3CB6B23FEAEF400F5DB01 /* SF-Pro-Display-Semibold.otf */ = {isa = PBXFileReference; lastKnownFileType = file; path = "SF-Pro-Display-Semibold.otf"; sourceTree = "<group>"; };
		A7C3CB6C23FEAEF400F5DB01 /* SF-Pro-Text-Medium.otf */ = {isa = PBXFileReference; lastKnownFileType = file; path = "SF-Pro-Text-Medium.otf"; sourceTree = "<group>"; };
		A7C3CB6D23FEAEF400F5DB01 /* SF-Compact-Text-Regular.otf */ = {isa = PBXFileReference; lastKnownFileType = file; path = "SF-Compact-Text-Regular.otf"; sourceTree = "<group>"; };
		A7C3CB6E23FEAEF400F5DB01 /* SF-Pro-Text-Regular.otf */ = {isa = PBXFileReference; lastKnownFileType = file; path = "SF-Pro-Text-Regular.otf"; sourceTree = "<group>"; };
		A7C3CB6F23FEAEF500F5DB01 /* SF-Pro-Text-Bold.otf */ = {isa = PBXFileReference; lastKnownFileType = file; path = "SF-Pro-Text-Bold.otf"; sourceTree = "<group>"; };
		A7C3CB7023FEAEF500F5DB01 /* SF-Pro-Display-Regular.otf */ = {isa = PBXFileReference; lastKnownFileType = file; path = "SF-Pro-Display-Regular.otf"; sourceTree = "<group>"; };
		A7C3CB7123FEAEF500F5DB01 /* SF-Pro-Display-Medium.otf */ = {isa = PBXFileReference; lastKnownFileType = file; path = "SF-Pro-Display-Medium.otf"; sourceTree = "<group>"; };
		A7C3CB7223FEAEF500F5DB01 /* SF-Compact-Display-Regular.otf */ = {isa = PBXFileReference; lastKnownFileType = file; path = "SF-Compact-Display-Regular.otf"; sourceTree = "<group>"; };
		A7C3CB7323FEAEF500F5DB01 /* SF-Pro-Text-Light.otf */ = {isa = PBXFileReference; lastKnownFileType = file; path = "SF-Pro-Text-Light.otf"; sourceTree = "<group>"; };
		A7C3CB7D23FECFB600F5DB01 /* SF-Pro-Display-Bold.otf */ = {isa = PBXFileReference; lastKnownFileType = file; path = "SF-Pro-Display-Bold.otf"; sourceTree = "<group>"; };
		A7C3CB8023FEDD7000F5DB01 /* Gradient.swift */ = {isa = PBXFileReference; lastKnownFileType = sourcecode.swift; path = Gradient.swift; sourceTree = "<group>"; };
		A7CBA4242439132C009CB3E0 /* UIViewController+Extension.swift */ = {isa = PBXFileReference; lastKnownFileType = sourcecode.swift; path = "UIViewController+Extension.swift"; sourceTree = "<group>"; };
		A7CBA427243B4936009CB3E0 /* BannersSubModuleProtocol.swift */ = {isa = PBXFileReference; lastKnownFileType = sourcecode.swift; path = BannersSubModuleProtocol.swift; sourceTree = "<group>"; };
		A7CBA42A243BDAD3009CB3E0 /* UICollectionView+Extension.swift */ = {isa = PBXFileReference; lastKnownFileType = sourcecode.swift; path = "UICollectionView+Extension.swift"; sourceTree = "<group>"; };
		A7CBA499243F98E7009CB3E0 /* VseBankiRu.entitlements */ = {isa = PBXFileReference; lastKnownFileType = text.plist.entitlements; path = VseBankiRu.entitlements; sourceTree = "<group>"; };
		A7CBA49E243FC845009CB3E0 /* GoogleService-Info.plist */ = {isa = PBXFileReference; fileEncoding = 4; lastKnownFileType = text.plist.xml; path = "GoogleService-Info.plist"; sourceTree = "<group>"; };
		A7CBA4A0243FD833009CB3E0 /* UIView+Extensions.swift */ = {isa = PBXFileReference; lastKnownFileType = sourcecode.swift; path = "UIView+Extensions.swift"; sourceTree = "<group>"; };
		A7CBA4A3243FDF68009CB3E0 /* AuthorisationViewController.swift */ = {isa = PBXFileReference; lastKnownFileType = sourcecode.swift; path = AuthorisationViewController.swift; sourceTree = "<group>"; };
		A7CBA4A5243FDF7A009CB3E0 /* VerificationViewController.swift */ = {isa = PBXFileReference; lastKnownFileType = sourcecode.swift; path = VerificationViewController.swift; sourceTree = "<group>"; };
		A7F1343B2450B8F5000FF164 /* UICollectionCell.swift */ = {isa = PBXFileReference; lastKnownFileType = sourcecode.swift; path = UICollectionCell.swift; sourceTree = "<group>"; };
		A7F134402450D4BD000FF164 /* ShareLinkDelegate.swift */ = {isa = PBXFileReference; lastKnownFileType = sourcecode.swift; path = ShareLinkDelegate.swift; sourceTree = "<group>"; };
		A7F134462450DBFD000FF164 /* CreditListFavouriteViewController.swift */ = {isa = PBXFileReference; lastKnownFileType = sourcecode.swift; path = CreditListFavouriteViewController.swift; sourceTree = "<group>"; };
		A7F134472450DBFD000FF164 /* CreditListFavouriteViewController.xib */ = {isa = PBXFileReference; lastKnownFileType = file.xib; path = CreditListFavouriteViewController.xib; sourceTree = "<group>"; };
		A7F1344B24523604000FF164 /* CreditListFavouriteService.swift */ = {isa = PBXFileReference; lastKnownFileType = sourcecode.swift; path = CreditListFavouriteService.swift; sourceTree = "<group>"; };
		A7F134532452504F000FF164 /* CreditListFavouriteNetwork.swift */ = {isa = PBXFileReference; lastKnownFileType = sourcecode.swift; path = CreditListFavouriteNetwork.swift; sourceTree = "<group>"; };
/* End PBXFileReference section */

/* Begin PBXFrameworksBuildPhase section */
		A796781F23ED812600CE4E94 /* Frameworks */ = {
			isa = PBXFrameworksBuildPhase;
			buildActionMask = 2147483647;
			files = (
				D6D1EE4E45C987A1B10AC360 /* Pods_VseBankiRu.framework in Frameworks */,
			);
			runOnlyForDeploymentPostprocessing = 0;
		};
/* End PBXFrameworksBuildPhase section */

/* Begin PBXGroup section */
		0C27A0BE919F876F10152B0A /* Pods */ = {
			isa = PBXGroup;
			children = (
				784D20937057BBD2AC0B4F01 /* Pods-VseBankiRu.debug.xcconfig */,
				299A7C7C20C649BB99026F55 /* Pods-VseBankiRu.release.xcconfig */,
			);
			path = Pods;
			sourceTree = "<group>";
		};
		794DFAD4B3D15AA570A92718 /* Frameworks */ = {
			isa = PBXGroup;
			children = (
				4199BABEF26A93EF38138288 /* Pods_VseBankiRu.framework */,
			);
			name = Frameworks;
			sourceTree = "<group>";
		};
		A7304D052454DC9000F0AECF /* SubViews */ = {
			isa = PBXGroup;
			children = (
				A7304D072454DCAF00F0AECF /* BunnerCell */,
				A7304D062454DCA100F0AECF /* CreditCell */,
			);
			path = SubViews;
			sourceTree = "<group>";
		};
		A7304D062454DCA100F0AECF /* CreditCell */ = {
			isa = PBXGroup;
			children = (
				A74480432444922800FD251C /* CreditCollectionViewCell.swift */,
				A74480442444922800FD251C /* CreditCollectionViewCell.xib */,
				A7304D102455CF6C00F0AECF /* CreditSkeletonCollectionViewCell.swift */,
				A7304D112455CF6D00F0AECF /* CreditSkeletonCollectionViewCell.xib */,
			);
			path = CreditCell;
			sourceTree = "<group>";
		};
		A7304D072454DCAF00F0AECF /* BunnerCell */ = {
			isa = PBXGroup;
			children = (
				A7304D0124545F5100F0AECF /* CreditsPromoCollectionViewCell.swift */,
				A7304D0224545F5100F0AECF /* CreditsPromoCollectionViewCell.xib */,
			);
			path = BunnerCell;
			sourceTree = "<group>";
		};
		A7304D18245633E600F0AECF /* CreditsListFilter */ = {
			isa = PBXGroup;
			children = (
				A7304D1B2456340B00F0AECF /* Controller */,
				A7304D1A2456340600F0AECF /* View */,
				A7304D192456340000F0AECF /* Model */,
			);
			path = CreditsListFilter;
			sourceTree = "<group>";
		};
		A7304D192456340000F0AECF /* Model */ = {
			isa = PBXGroup;
			children = (
				A7304D312457125F00F0AECF /* FilterItemModel.swift */,
			);
			path = Model;
			sourceTree = "<group>";
		};
		A7304D1A2456340600F0AECF /* View */ = {
			isa = PBXGroup;
			children = (
				A7304D232456440900F0AECF /* SubViews */,
				A7304D1D2456343700F0AECF /* CreditsListFilterViewController.xib */,
			);
			path = View;
			sourceTree = "<group>";
		};
		A7304D1B2456340B00F0AECF /* Controller */ = {
			isa = PBXGroup;
			children = (
				A7304D1C2456343700F0AECF /* CreditsListFilterViewController.swift */,
			);
			path = Controller;
			sourceTree = "<group>";
		};
		A7304D2024563FB300F0AECF /* LoadingButton */ = {
			isa = PBXGroup;
			children = (
				A7304D2124563FC900F0AECF /* LoadingButton.swift */,
			);
			path = LoadingButton;
			sourceTree = "<group>";
		};
		A7304D232456440900F0AECF /* SubViews */ = {
			isa = PBXGroup;
			children = (
				A7304D4024573FD100F0AECF /* CreditsListFilterSwitchCell */,
				A7304D3F24573FBF00F0AECF /* CreditsListFilterItemCell */,
				A7304D3E24573FAA00F0AECF /* CreditsListSliderCell */,
			);
			path = SubViews;
			sourceTree = "<group>";
		};
		A7304D28245647B900F0AECF /* UITableViewCell */ = {
			isa = PBXGroup;
			children = (
				A7304D29245647DC00F0AECF /* UITableViewCell+Extension.swift */,
			);
			path = UITableViewCell;
			sourceTree = "<group>";
		};
		A7304D3524572EAA00F0AECF /* Enums */ = {
			isa = PBXGroup;
			children = (
				A7304D3624572ECA00F0AECF /* CurrencySymbols.swift */,
				A7359E732460958A0091E673 /* DocumentsType.swift */,
			);
			path = Enums;
			sourceTree = "<group>";
		};
		A7304D3824572FCC00F0AECF /* Formatter */ = {
			isa = PBXGroup;
			children = (
				A7304D3924572FD900F0AECF /* Formatter.swift */,
			);
			path = Formatter;
			sourceTree = "<group>";
		};
		A7304D3B2457302D00F0AECF /* Numeric */ = {
			isa = PBXGroup;
			children = (
				A7304D3C2457304000F0AECF /* Numeric.swift */,
			);
			path = Numeric;
			sourceTree = "<group>";
		};
		A7304D3E24573FAA00F0AECF /* CreditsListSliderCell */ = {
			isa = PBXGroup;
			children = (
				A7304D2D245708C200F0AECF /* CreditsListSliderCell.swift */,
				A7304D2E245708C200F0AECF /* CreditsListSliderCell.xib */,
			);
			path = CreditsListSliderCell;
			sourceTree = "<group>";
		};
		A7304D3F24573FBF00F0AECF /* CreditsListFilterItemCell */ = {
			isa = PBXGroup;
			children = (
				A7304D242456446700F0AECF /* CreditsListFilterItemCell.swift */,
				A7304D252456446700F0AECF /* CreditsListFilterItemCell.xib */,
			);
			path = CreditsListFilterItemCell;
			sourceTree = "<group>";
		};
		A7304D4024573FD100F0AECF /* CreditsListFilterSwitchCell */ = {
			isa = PBXGroup;
			children = (
				A7304D412457400600F0AECF /* CreditsListFilterSwitchCell.swift */,
				A7304D422457400600F0AECF /* CreditsListFilterSwitchCell.xib */,
			);
			path = CreditsListFilterSwitchCell;
			sourceTree = "<group>";
		};
		A7304D4524578C1200F0AECF /* Double */ = {
			isa = PBXGroup;
			children = (
				A7304D4624578C2800F0AECF /* Double+Extension.swift */,
			);
			path = Double;
			sourceTree = "<group>";
		};
		A7304D48245889BC00F0AECF /* CreditsListFilterDrawer */ = {
			isa = PBXGroup;
			children = (
				A7304D4F24588A0100F0AECF /* Controller */,
				A7304D4D245889EC00F0AECF /* View */,
				A7304D4E245889F500F0AECF /* Model */,
			);
			path = CreditsListFilterDrawer;
			sourceTree = "<group>";
		};
		A7304D4D245889EC00F0AECF /* View */ = {
			isa = PBXGroup;
			children = (
				A7304D532458D3BF00F0AECF /* SubViews */,
				A7304D4A245889DF00F0AECF /* CreditsListFilterDrawerViewController.xib */,
			);
			path = View;
			sourceTree = "<group>";
		};
		A7304D4E245889F500F0AECF /* Model */ = {
			isa = PBXGroup;
			children = (
			);
			path = Model;
			sourceTree = "<group>";
		};
		A7304D4F24588A0100F0AECF /* Controller */ = {
			isa = PBXGroup;
			children = (
				A7304D49245889DF00F0AECF /* CreditsListFilterDrawerViewController.swift */,
			);
			path = Controller;
			sourceTree = "<group>";
		};
		A7304D502458974300F0AECF /* GlobalVar */ = {
			isa = PBXGroup;
			children = (
				A7304D512458975400F0AECF /* GlobalVar.swift */,
			);
			path = GlobalVar;
			sourceTree = "<group>";
		};
		A7304D532458D3BF00F0AECF /* SubViews */ = {
			isa = PBXGroup;
			children = (
				A7304D542458D3F600F0AECF /* CreditsListFilterDrawerCell.swift */,
				A7304D552458D3F600F0AECF /* CreditsListFilterDrawerCell.xib */,
			);
			path = SubViews;
			sourceTree = "<group>";
		};
		A7359E49245F0FEC0091E673 /* CreditsListDetail */ = {
			isa = PBXGroup;
			children = (
				A7359E4C245F10100091E673 /* Controller */,
				A7359E4B245F100B0091E673 /* View */,
				A7359E4A245F10060091E673 /* Model */,
			);
			path = CreditsListDetail;
			sourceTree = "<group>";
		};
		A7359E4A245F10060091E673 /* Model */ = {
			isa = PBXGroup;
			children = (
			);
			path = Model;
			sourceTree = "<group>";
		};
		A7359E4B245F100B0091E673 /* View */ = {
			isa = PBXGroup;
			children = (
				A7359E51245F1D170091E673 /* SubViews */,
				A7359E4E245F1CBD0091E673 /* CreditsListDetailViewController.xib */,
			);
			path = View;
			sourceTree = "<group>";
		};
		A7359E4C245F10100091E673 /* Controller */ = {
			isa = PBXGroup;
			children = (
				A7359E4D245F1CBD0091E673 /* CreditsListDetailViewController.swift */,
			);
			path = Controller;
			sourceTree = "<group>";
		};
		A7359E51245F1D170091E673 /* SubViews */ = {
			isa = PBXGroup;
			children = (
				A7359E5A245F273D0091E673 /* LogoNameCell */,
				A7359E5B245F27520091E673 /* TitleTitleCell */,
				A7359E60245F734C0091E673 /* DescriptionCell */,
				A7359E65245F7E880091E673 /* SegmentControllCell */,
				A7359E6E246059D60091E673 /* DocumentsCell */,
				A7359E802461DB420091E673 /* ButtonCell */,
			);
			path = SubViews;
			sourceTree = "<group>";
		};
		A7359E5A245F273D0091E673 /* LogoNameCell */ = {
			isa = PBXGroup;
			children = (
				A7359E52245F27250091E673 /* LogoNameTableViewCell.swift */,
				A7359E53245F27250091E673 /* LogoNameTableViewCell.xib */,
			);
			path = LogoNameCell;
			sourceTree = "<group>";
		};
		A7359E5B245F27520091E673 /* TitleTitleCell */ = {
			isa = PBXGroup;
			children = (
				A7359E56245F27380091E673 /* TitleTitleTableViewCell.swift */,
				A7359E57245F27380091E673 /* TitleTitleTableViewCell.xib */,
			);
			path = TitleTitleCell;
			sourceTree = "<group>";
		};
		A7359E60245F734C0091E673 /* DescriptionCell */ = {
			isa = PBXGroup;
			children = (
				A7359E5C245F73460091E673 /* DescriptionCell.swift */,
				A7359E5D245F73460091E673 /* DescriptionCell.xib */,
			);
			path = DescriptionCell;
			sourceTree = "<group>";
		};
		A7359E65245F7E880091E673 /* SegmentControllCell */ = {
			isa = PBXGroup;
			children = (
				A7359E66245F833E0091E673 /* SegmentControllTableViewCell.swift */,
				A7359E67245F833E0091E673 /* SegmentControllTableViewCell.xib */,
			);
			path = SegmentControllCell;
			sourceTree = "<group>";
		};
		A7359E6E246059D60091E673 /* DocumentsCell */ = {
			isa = PBXGroup;
			children = (
				A7359E75246098FA0091E673 /* DocumentsItemCell */,
				A7359E6F246059FD0091E673 /* DocumentsTableViewCell.swift */,
				A7359E70246059FD0091E673 /* DocumentsTableViewCell.xib */,
			);
			path = DocumentsCell;
			sourceTree = "<group>";
		};
		A7359E75246098FA0091E673 /* DocumentsItemCell */ = {
			isa = PBXGroup;
			children = (
				A7359E76246099170091E673 /* DocumentsItemTableViewCell.swift */,
				A7359E77246099170091E673 /* DocumentsItemTableViewCell.xib */,
			);
			path = DocumentsItemCell;
			sourceTree = "<group>";
		};
		A7359E802461DB420091E673 /* ButtonCell */ = {
			isa = PBXGroup;
			children = (
				A7359E7A2461C8D00091E673 /* ButtonTableViewCell.swift */,
				A7359E7B2461C8D00091E673 /* ButtonTableViewCell.xib */,
			);
			path = ButtonCell;
			sourceTree = "<group>";
		};
		A7359E852461E8160091E673 /* EmptyTableViewCell */ = {
			isa = PBXGroup;
			children = (
				A7359E812461E80D0091E673 /* EmptyTableViewCell.swift */,
				A7359E822461E80D0091E673 /* EmptyTableViewCell.xib */,
			);
			path = EmptyTableViewCell;
			sourceTree = "<group>";
		};
		A742A21B243286330008AEEF /* CreditsList */ = {
			isa = PBXGroup;
			children = (
				A744AAF42440FBEA009B5404 /* CreditsListNetwork */,
				A742A22224328A570008AEEF /* Controller */,
				A742A22124328A500008AEEF /* View */,
				A742A22024328A470008AEEF /* Model */,
			);
			path = CreditsList;
			sourceTree = "<group>";
		};
		A742A22024328A470008AEEF /* Model */ = {
			isa = PBXGroup;
			children = (
				A744AAF02440F57C009B5404 /* CreditModel.swift */,
			);
			path = Model;
			sourceTree = "<group>";
		};
		A742A22124328A500008AEEF /* View */ = {
			isa = PBXGroup;
			children = (
				A742A21D243287750008AEEF /* CreditsListViewController.xib */,
				A7304D052454DC9000F0AECF /* SubViews */,
			);
			path = View;
			sourceTree = "<group>";
		};
		A742A22224328A570008AEEF /* Controller */ = {
			isa = PBXGroup;
			children = (
				A742A21C243287750008AEEF /* CreditsListViewController.swift */,
			);
			path = Controller;
			sourceTree = "<group>";
		};
		A744AAE72440B0C4009B5404 /* Gradient */ = {
			isa = PBXGroup;
			children = (
				A7C3CB8023FEDD7000F5DB01 /* Gradient.swift */,
			);
			path = Gradient;
			sourceTree = "<group>";
		};
		A744AAED2440F54B009B5404 /* FirebaseModels */ = {
			isa = PBXGroup;
			children = (
				A744AAEE2440F56B009B5404 /* User.swift */,
			);
			path = FirebaseModels;
			sourceTree = "<group>";
		};
		A744AAF42440FBEA009B5404 /* CreditsListNetwork */ = {
			isa = PBXGroup;
			children = (
				A744AAF22440FBCE009B5404 /* CreditsListNetwork.swift */,
			);
			path = CreditsListNetwork;
			sourceTree = "<group>";
		};
		A75D7582240929D000A20824 /* Model */ = {
			isa = PBXGroup;
			children = (
				A796783E23ED820400CE4E94 /* ServiceTypeModel.swift */,
				A75D75932409386000A20824 /* QuotationModel.swift */,
			);
			path = Model;
			sourceTree = "<group>";
		};
		A75D7583240929D900A20824 /* View */ = {
			isa = PBXGroup;
			children = (
				A796784023ED82A700CE4E94 /* ServiceTypeCollectionViewCell.swift */,
				A796784123ED82A700CE4E94 /* ServiceTypeCollectionViewCell.xib */,
			);
			path = View;
			sourceTree = "<group>";
		};
		A75D7584240929DF00A20824 /* Controller */ = {
			isa = PBXGroup;
			children = (
				A796783C23ED81D000CE4E94 /* CatalogViewController.swift */,
			);
			path = Controller;
			sourceTree = "<group>";
		};
		A75D758724092E8800A20824 /* QuotationNetworkService */ = {
			isa = PBXGroup;
			children = (
				A75D758824092F0400A20824 /* QuotationNetworkService.swift */,
			);
			path = QuotationNetworkService;
			sourceTree = "<group>";
		};
		A75D758A2409334D00A20824 /* NetworkService */ = {
			isa = PBXGroup;
			children = (
				A75D758B2409337300A20824 /* NetworkService.swift */,
			);
			path = NetworkService;
			sourceTree = "<group>";
		};
		A75D758D2409339A00A20824 /* NetworkError */ = {
			isa = PBXGroup;
			children = (
				A75D758E240933B500A20824 /* NetworkError.swift */,
			);
			path = NetworkError;
			sourceTree = "<group>";
		};
		A75D75902409378400A20824 /* Application */ = {
			isa = PBXGroup;
			children = (
				A744AAED2440F54B009B5404 /* FirebaseModels */,
				A75D7592240937AE00A20824 /* Controller */,
				A75D758D2409339A00A20824 /* NetworkError */,
				A75D758A2409334D00A20824 /* NetworkService */,
			);
			path = Application;
			sourceTree = "<group>";
		};
		A75D7592240937AE00A20824 /* Controller */ = {
			isa = PBXGroup;
			children = (
				A796782523ED812600CE4E94 /* AppDelegate.swift */,
				A7304D7D245901F300F0AECF /* SceneDelegate.swift */,
			);
			path = Controller;
			sourceTree = "<group>";
		};
		A78DF57923FDB52D0060F5A2 /* Catalog */ = {
			isa = PBXGroup;
			children = (
				A75D758724092E8800A20824 /* QuotationNetworkService */,
				A75D7584240929DF00A20824 /* Controller */,
				A75D7583240929D900A20824 /* View */,
				A75D7582240929D000A20824 /* Model */,
			);
			path = Catalog;
			sourceTree = "<group>";
		};
		A796781923ED812500CE4E94 = {
			isa = PBXGroup;
			children = (
				A796782423ED812600CE4E94 /* VseBankiRu */,
				A796782323ED812600CE4E94 /* Products */,
				0C27A0BE919F876F10152B0A /* Pods */,
				794DFAD4B3D15AA570A92718 /* Frameworks */,
			);
			sourceTree = "<group>";
		};
		A796782323ED812600CE4E94 /* Products */ = {
			isa = PBXGroup;
			children = (
				A796782223ED812600CE4E94 /* VseBankiRu.app */,
			);
			name = Products;
			sourceTree = "<group>";
		};
		A796782423ED812600CE4E94 /* VseBankiRu */ = {
			isa = PBXGroup;
			children = (
				A7CBA499243F98E7009CB3E0 /* VseBankiRu.entitlements */,
				A7F1343E2450D49F000FF164 /* Protocols */,
				A7CBA426243B491C009CB3E0 /* SubModules */,
				A7CBA42224391303009CB3E0 /* Common */,
				A75D75902409378400A20824 /* Application */,
				A7C3CB7F23FEDD5100F5DB01 /* ReUsable */,
				A7CBA41D2438D7B4009CB3E0 /* Modules */,
				A796782B23ED812600CE4E94 /* Main.storyboard */,
				A7C3CB6923FEAE7800F5DB01 /* Resourses */,
				A796783323ED812900CE4E94 /* LaunchScreen.storyboard */,
				A7CBA49E243FC845009CB3E0 /* GoogleService-Info.plist */,
				A796783623ED812900CE4E94 /* Info.plist */,
				A796782E23ED812600CE4E94 /* VseBankiRu.xcdatamodeld */,
			);
			path = VseBankiRu;
			sourceTree = "<group>";
		};
		A7C3CB6923FEAE7800F5DB01 /* Resourses */ = {
			isa = PBXGroup;
			children = (
				A7C3CB6A23FEAEDE00F5DB01 /* Fonts */,
				A796783123ED812900CE4E94 /* Assets.xcassets */,
			);
			path = Resourses;
			sourceTree = "<group>";
		};
		A7C3CB6A23FEAEDE00F5DB01 /* Fonts */ = {
			isa = PBXGroup;
			children = (
				A7C3CB7223FEAEF500F5DB01 /* SF-Compact-Display-Regular.otf */,
				A7C3CB6D23FEAEF400F5DB01 /* SF-Compact-Text-Regular.otf */,
				A7C3CB7123FEAEF500F5DB01 /* SF-Pro-Display-Medium.otf */,
				A7C3CB7D23FECFB600F5DB01 /* SF-Pro-Display-Bold.otf */,
				A7C3CB7023FEAEF500F5DB01 /* SF-Pro-Display-Regular.otf */,
				A7C3CB6B23FEAEF400F5DB01 /* SF-Pro-Display-Semibold.otf */,
				A7C3CB6F23FEAEF500F5DB01 /* SF-Pro-Text-Bold.otf */,
				A7C3CB7323FEAEF500F5DB01 /* SF-Pro-Text-Light.otf */,
				A7C3CB6C23FEAEF400F5DB01 /* SF-Pro-Text-Medium.otf */,
				A7C3CB6E23FEAEF400F5DB01 /* SF-Pro-Text-Regular.otf */,
			);
			path = Fonts;
			sourceTree = "<group>";
		};
		A7C3CB7F23FEDD5100F5DB01 /* ReUsable */ = {
			isa = PBXGroup;
			children = (
				A7304D2024563FB300F0AECF /* LoadingButton */,
				A744AAE72440B0C4009B5404 /* Gradient */,
				A7359E6A246044820091E673 /* ScrollableSegmentControll.swift */,
				A7359E852461E8160091E673 /* EmptyTableViewCell */,
			);
			path = ReUsable;
			sourceTree = "<group>";
		};
		A7CBA41D2438D7B4009CB3E0 /* Modules */ = {
			isa = PBXGroup;
			children = (
				A7CBA4A7243FDF83009CB3E0 /* Authorisation */,
				A78DF57923FDB52D0060F5A2 /* Catalog */,
				A742A21B243286330008AEEF /* CreditsList */,
				A7304D18245633E600F0AECF /* CreditsListFilter */,
				A7304D48245889BC00F0AECF /* CreditsListFilterDrawer */,
				A7F134422450DBB1000FF164 /* CreditsListFavourite */,
				A7359E49245F0FEC0091E673 /* CreditsListDetail */,
			);
			path = Modules;
			sourceTree = "<group>";
		};
		A7CBA42224391303009CB3E0 /* Common */ = {
			isa = PBXGroup;
			children = (
				A7304D3824572FCC00F0AECF /* Formatter */,
				A7304D502458974300F0AECF /* GlobalVar */,
				A7304D3524572EAA00F0AECF /* Enums */,
				A7CBA4232439130B009CB3E0 /* Extensions */,
			);
			path = Common;
			sourceTree = "<group>";
		};
		A7CBA4232439130B009CB3E0 /* Extensions */ = {
			isa = PBXGroup;
			children = (
				A7304D4524578C1200F0AECF /* Double */,
				A7304D3B2457302D00F0AECF /* Numeric */,
				A7304D28245647B900F0AECF /* UITableViewCell */,
				A7F1343D2450B90C000FF164 /* UICollectionCell */,
				A7CBA42C243BDAF9009CB3E0 /* UIViewController */,
				A7CBA429243BDAAD009CB3E0 /* UICollectionView */,
				A7CBA4A2243FD83D009CB3E0 /* UIView+Extensions */,
			);
			path = Extensions;
			sourceTree = "<group>";
		};
		A7CBA426243B491C009CB3E0 /* SubModules */ = {
			isa = PBXGroup;
			children = (
				A7CBA427243B4936009CB3E0 /* BannersSubModuleProtocol.swift */,
			);
			path = SubModules;
			sourceTree = "<group>";
		};
		A7CBA429243BDAAD009CB3E0 /* UICollectionView */ = {
			isa = PBXGroup;
			children = (
				A7CBA42A243BDAD3009CB3E0 /* UICollectionView+Extension.swift */,
			);
			path = UICollectionView;
			sourceTree = "<group>";
		};
		A7CBA42C243BDAF9009CB3E0 /* UIViewController */ = {
			isa = PBXGroup;
			children = (
				A7CBA4242439132C009CB3E0 /* UIViewController+Extension.swift */,
			);
			path = UIViewController;
			sourceTree = "<group>";
		};
		A7CBA4A2243FD83D009CB3E0 /* UIView+Extensions */ = {
			isa = PBXGroup;
			children = (
				A7CBA4A0243FD833009CB3E0 /* UIView+Extensions.swift */,
			);
			path = "UIView+Extensions";
			sourceTree = "<group>";
		};
		A7CBA4A7243FDF83009CB3E0 /* Authorisation */ = {
			isa = PBXGroup;
			children = (
				A7CBA4A3243FDF68009CB3E0 /* AuthorisationViewController.swift */,
				A7CBA4A5243FDF7A009CB3E0 /* VerificationViewController.swift */,
				A744AAE3244064BF009B5404 /* RegisterViewController.swift */,
				A744AAE524409469009B5404 /* EmailVerificationViewController.swift */,
			);
			path = Authorisation;
			sourceTree = "<group>";
		};
		A7F1343D2450B90C000FF164 /* UICollectionCell */ = {
			isa = PBXGroup;
			children = (
				A7F1343B2450B8F5000FF164 /* UICollectionCell.swift */,
			);
			path = UICollectionCell;
			sourceTree = "<group>";
		};
		A7F1343E2450D49F000FF164 /* Protocols */ = {
			isa = PBXGroup;
			children = (
				A7F1343F2450D4A9000FF164 /* Delegates */,
			);
			path = Protocols;
			sourceTree = "<group>";
		};
		A7F1343F2450D4A9000FF164 /* Delegates */ = {
			isa = PBXGroup;
			children = (
				A7F134402450D4BD000FF164 /* ShareLinkDelegate.swift */,
				A7304D582458D63400F0AECF /* CreditsListFilterDrawerViewControllerDelegate.swift */,
				A7304D7F245B76AD00F0AECF /* PassDataFromFilterToListDelegate.swift */,
				A7359E6C24604F460091E673 /* CreditsDetailDelegate.swift */,
				A7359E7E2461CC270091E673 /* CreditsListDetailDelegate.swift */,
			);
			path = Delegates;
			sourceTree = "<group>";
		};
		A7F134422450DBB1000FF164 /* CreditsListFavourite */ = {
			isa = PBXGroup;
			children = (
				A7F134522452501C000FF164 /* CreditListFavouriteNetwork */,
				A7F134452450DBDC000FF164 /* Controller */,
				A7F134442450DBD7000FF164 /* View */,
				A7F134432450DBD1000FF164 /* Model */,
				A7F1344B24523604000FF164 /* CreditListFavouriteService.swift */,
			);
			path = CreditsListFavourite;
			sourceTree = "<group>";
		};
		A7F134432450DBD1000FF164 /* Model */ = {
			isa = PBXGroup;
			children = (
			);
			path = Model;
			sourceTree = "<group>";
		};
		A7F134442450DBD7000FF164 /* View */ = {
			isa = PBXGroup;
			children = (
				A7F134472450DBFD000FF164 /* CreditListFavouriteViewController.xib */,
			);
			path = View;
			sourceTree = "<group>";
		};
		A7F134452450DBDC000FF164 /* Controller */ = {
			isa = PBXGroup;
			children = (
				A7F134462450DBFD000FF164 /* CreditListFavouriteViewController.swift */,
			);
			path = Controller;
			sourceTree = "<group>";
		};
		A7F134522452501C000FF164 /* CreditListFavouriteNetwork */ = {
			isa = PBXGroup;
			children = (
				A7F134532452504F000FF164 /* CreditListFavouriteNetwork.swift */,
			);
			path = CreditListFavouriteNetwork;
			sourceTree = "<group>";
		};
/* End PBXGroup section */

/* Begin PBXNativeTarget section */
		A796782123ED812600CE4E94 /* VseBankiRu */ = {
			isa = PBXNativeTarget;
			buildConfigurationList = A796783923ED812900CE4E94 /* Build configuration list for PBXNativeTarget "VseBankiRu" */;
			buildPhases = (
				B25BFFA1DA013EE642804600 /* [CP] Check Pods Manifest.lock */,
				A796781E23ED812600CE4E94 /* Sources */,
				A796781F23ED812600CE4E94 /* Frameworks */,
				A796782023ED812600CE4E94 /* Resources */,
				B78BAE3F29EAEDAA091FFA76 /* [CP] Embed Pods Frameworks */,
			);
			buildRules = (
			);
			dependencies = (
			);
			name = VseBankiRu;
			productName = VseBankiRu;
			productReference = A796782223ED812600CE4E94 /* VseBankiRu.app */;
			productType = "com.apple.product-type.application";
		};
/* End PBXNativeTarget section */

/* Begin PBXProject section */
		A796781A23ED812500CE4E94 /* Project object */ = {
			isa = PBXProject;
			attributes = {
				LastSwiftUpdateCheck = 1120;
				LastUpgradeCheck = 1120;
				ORGANIZATIONNAME = "Мах Ol";
				TargetAttributes = {
					A796782123ED812600CE4E94 = {
						CreatedOnToolsVersion = 11.2.1;
					};
				};
			};
			buildConfigurationList = A796781D23ED812500CE4E94 /* Build configuration list for PBXProject "VseBankiRu" */;
			compatibilityVersion = "Xcode 11.0";
			developmentRegion = en;
			hasScannedForEncodings = 0;
			knownRegions = (
				en,
				Base,
			);
			mainGroup = A796781923ED812500CE4E94;
			productRefGroup = A796782323ED812600CE4E94 /* Products */;
			projectDirPath = "";
			projectRoot = "";
			targets = (
				A796782123ED812600CE4E94 /* VseBankiRu */,
			);
		};
/* End PBXProject section */

/* Begin PBXResourcesBuildPhase section */
		A796782023ED812600CE4E94 /* Resources */ = {
			isa = PBXResourcesBuildPhase;
			buildActionMask = 2147483647;
			files = (
				A7359E72246059FD0091E673 /* DocumentsTableViewCell.xib in Resources */,
				A7C3CB7723FEAEF500F5DB01 /* SF-Pro-Text-Regular.otf in Resources */,
				A7304D1F2456343700F0AECF /* CreditsListFilterViewController.xib in Resources */,
				A7304D30245708C200F0AECF /* CreditsListSliderCell.xib in Resources */,
				A7359E55245F27250091E673 /* LogoNameTableViewCell.xib in Resources */,
				A7C3CB7923FEAEF500F5DB01 /* SF-Pro-Display-Regular.otf in Resources */,
				A7C3CB7623FEAEF500F5DB01 /* SF-Compact-Text-Regular.otf in Resources */,
				A7359E7D2461C8D00091E673 /* ButtonTableViewCell.xib in Resources */,
				A7304D572458D3F600F0AECF /* CreditsListFilterDrawerCell.xib in Resources */,
				A7359E59245F27380091E673 /* TitleTitleTableViewCell.xib in Resources */,
				A7C3CB7823FEAEF500F5DB01 /* SF-Pro-Text-Bold.otf in Resources */,
				A7C3CB7423FEAEF500F5DB01 /* SF-Pro-Display-Semibold.otf in Resources */,
				A7C3CB7B23FEAEF500F5DB01 /* SF-Compact-Display-Regular.otf in Resources */,
				A7C3CB7A23FEAEF500F5DB01 /* SF-Pro-Display-Medium.otf in Resources */,
				A796784323ED82A700CE4E94 /* ServiceTypeCollectionViewCell.xib in Resources */,
				A742A21F243287750008AEEF /* CreditsListViewController.xib in Resources */,
				A796783523ED812900CE4E94 /* LaunchScreen.storyboard in Resources */,
				A7304D0424545F5100F0AECF /* CreditsPromoCollectionViewCell.xib in Resources */,
				A7359E5F245F73460091E673 /* DescriptionCell.xib in Resources */,
				A7C3CB7C23FEAEF500F5DB01 /* SF-Pro-Text-Light.otf in Resources */,
				A796783223ED812900CE4E94 /* Assets.xcassets in Resources */,
				A7359E842461E80D0091E673 /* EmptyTableViewCell.xib in Resources */,
				A7359E69245F833E0091E673 /* SegmentControllTableViewCell.xib in Resources */,
				A796782D23ED812600CE4E94 /* Main.storyboard in Resources */,
				A7F134492450DBFD000FF164 /* CreditListFavouriteViewController.xib in Resources */,
				A7C3CB7E23FECFB600F5DB01 /* SF-Pro-Display-Bold.otf in Resources */,
				A7359E50245F1CBD0091E673 /* CreditsListDetailViewController.xib in Resources */,
				A7304D4C245889DF00F0AECF /* CreditsListFilterDrawerViewController.xib in Resources */,
				A7CBA49F243FC846009CB3E0 /* GoogleService-Info.plist in Resources */,
				A7304D442457400600F0AECF /* CreditsListFilterSwitchCell.xib in Resources */,
				A7304D272456446700F0AECF /* CreditsListFilterItemCell.xib in Resources */,
				A7304D132455CF6D00F0AECF /* CreditSkeletonCollectionViewCell.xib in Resources */,
				A7359E79246099170091E673 /* DocumentsItemTableViewCell.xib in Resources */,
				A7C3CB7523FEAEF500F5DB01 /* SF-Pro-Text-Medium.otf in Resources */,
				A74480462444922800FD251C /* CreditCollectionViewCell.xib in Resources */,
			);
			runOnlyForDeploymentPostprocessing = 0;
		};
/* End PBXResourcesBuildPhase section */

/* Begin PBXShellScriptBuildPhase section */
		B25BFFA1DA013EE642804600 /* [CP] Check Pods Manifest.lock */ = {
			isa = PBXShellScriptBuildPhase;
			buildActionMask = 2147483647;
			files = (
			);
			inputFileListPaths = (
			);
			inputPaths = (
				"${PODS_PODFILE_DIR_PATH}/Podfile.lock",
				"${PODS_ROOT}/Manifest.lock",
			);
			name = "[CP] Check Pods Manifest.lock";
			outputFileListPaths = (
			);
			outputPaths = (
				"$(DERIVED_FILE_DIR)/Pods-VseBankiRu-checkManifestLockResult.txt",
			);
			runOnlyForDeploymentPostprocessing = 0;
			shellPath = /bin/sh;
			shellScript = "diff \"${PODS_PODFILE_DIR_PATH}/Podfile.lock\" \"${PODS_ROOT}/Manifest.lock\" > /dev/null\nif [ $? != 0 ] ; then\n    # print error to STDERR\n    echo \"error: The sandbox is not in sync with the Podfile.lock. Run 'pod install' or update your CocoaPods installation.\" >&2\n    exit 1\nfi\n# This output is used by Xcode 'outputs' to avoid re-running this script phase.\necho \"SUCCESS\" > \"${SCRIPT_OUTPUT_FILE_0}\"\n";
			showEnvVarsInLog = 0;
		};
		B78BAE3F29EAEDAA091FFA76 /* [CP] Embed Pods Frameworks */ = {
			isa = PBXShellScriptBuildPhase;
			buildActionMask = 2147483647;
			files = (
			);
			inputFileListPaths = (
				"${PODS_ROOT}/Target Support Files/Pods-VseBankiRu/Pods-VseBankiRu-frameworks-${CONFIGURATION}-input-files.xcfilelist",
			);
			name = "[CP] Embed Pods Frameworks";
			outputFileListPaths = (
				"${PODS_ROOT}/Target Support Files/Pods-VseBankiRu/Pods-VseBankiRu-frameworks-${CONFIGURATION}-output-files.xcfilelist",
			);
			runOnlyForDeploymentPostprocessing = 0;
			shellPath = /bin/sh;
			shellScript = "\"${PODS_ROOT}/Target Support Files/Pods-VseBankiRu/Pods-VseBankiRu-frameworks.sh\"\n";
			showEnvVarsInLog = 0;
		};
/* End PBXShellScriptBuildPhase section */

/* Begin PBXSourcesBuildPhase section */
		A796781E23ED812600CE4E94 /* Sources */ = {
			isa = PBXSourcesBuildPhase;
			buildActionMask = 2147483647;
			files = (
				A7304D2224563FC900F0AECF /* LoadingButton.swift in Sources */,
				A7F134412450D4BD000FF164 /* ShareLinkDelegate.swift in Sources */,
				A7359E5E245F73460091E673 /* DescriptionCell.swift in Sources */,
				A744AAE4244064BF009B5404 /* RegisterViewController.swift in Sources */,
				A7359E68245F833E0091E673 /* SegmentControllTableViewCell.swift in Sources */,
				A7304D562458D3F600F0AECF /* CreditsListFilterDrawerCell.swift in Sources */,
				A7CBA4A6243FDF7A009CB3E0 /* VerificationViewController.swift in Sources */,
				A7F1344C24523604000FF164 /* CreditListFavouriteService.swift in Sources */,
				A796783D23ED81D000CE4E94 /* CatalogViewController.swift in Sources */,
				A7F1343C2450B8F5000FF164 /* UICollectionCell.swift in Sources */,
				A7359E742460958A0091E673 /* DocumentsType.swift in Sources */,
				A7CBA4252439132C009CB3E0 /* UIViewController+Extension.swift in Sources */,
				A7C3CB8123FEDD7000F5DB01 /* Gradient.swift in Sources */,
				A796783023ED812600CE4E94 /* VseBankiRu.xcdatamodeld in Sources */,
				A7304D80245B76AE00F0AECF /* PassDataFromFilterToListDelegate.swift in Sources */,
				A7359E6D24604F460091E673 /* CreditsDetailDelegate.swift in Sources */,
				A7304D0324545F5100F0AECF /* CreditsPromoCollectionViewCell.swift in Sources */,
				A7304D522458975400F0AECF /* GlobalVar.swift in Sources */,
				A744AAF32440FBCE009B5404 /* CreditsListNetwork.swift in Sources */,
				A7359E7C2461C8D00091E673 /* ButtonTableViewCell.swift in Sources */,
				A744AAEF2440F56B009B5404 /* User.swift in Sources */,
				A7CBA4A1243FD834009CB3E0 /* UIView+Extensions.swift in Sources */,
				A7304D432457400600F0AECF /* CreditsListFilterSwitchCell.swift in Sources */,
				A7304D1E2456343700F0AECF /* CreditsListFilterViewController.swift in Sources */,
				A7F134482450DBFD000FF164 /* CreditListFavouriteViewController.swift in Sources */,
				A7359E7F2461CC270091E673 /* CreditsListDetailDelegate.swift in Sources */,
				A7359E78246099170091E673 /* DocumentsItemTableViewCell.swift in Sources */,
				A7304D3A24572FD900F0AECF /* Formatter.swift in Sources */,
				A7304D2F245708C200F0AECF /* CreditsListSliderCell.swift in Sources */,
				A796782623ED812600CE4E94 /* AppDelegate.swift in Sources */,
				A7359E71246059FD0091E673 /* DocumentsTableViewCell.swift in Sources */,
				A7359E58245F27380091E673 /* TitleTitleTableViewCell.swift in Sources */,
				A7304D7E245901F300F0AECF /* SceneDelegate.swift in Sources */,
				A742A21E243287750008AEEF /* CreditsListViewController.swift in Sources */,
				A7CBA428243B4936009CB3E0 /* BannersSubModuleProtocol.swift in Sources */,
				A7359E54245F27250091E673 /* LogoNameTableViewCell.swift in Sources */,
				A7304D592458D63400F0AECF /* CreditsListFilterDrawerViewControllerDelegate.swift in Sources */,
				A7F134542452504F000FF164 /* CreditListFavouriteNetwork.swift in Sources */,
				A796783F23ED820400CE4E94 /* ServiceTypeModel.swift in Sources */,
				A7304D262456446700F0AECF /* CreditsListFilterItemCell.swift in Sources */,
				A7304D3724572ECA00F0AECF /* CurrencySymbols.swift in Sources */,
				A7359E6B246044820091E673 /* ScrollableSegmentControll.swift in Sources */,
				A75D758924092F0400A20824 /* QuotationNetworkService.swift in Sources */,
				A75D75942409386000A20824 /* QuotationModel.swift in Sources */,
				A744AAE624409469009B5404 /* EmailVerificationViewController.swift in Sources */,
				A796784223ED82A700CE4E94 /* ServiceTypeCollectionViewCell.swift in Sources */,
				A7CBA4A4243FDF68009CB3E0 /* AuthorisationViewController.swift in Sources */,
				A7304D4B245889DF00F0AECF /* CreditsListFilterDrawerViewController.swift in Sources */,
				A7CBA42B243BDAD3009CB3E0 /* UICollectionView+Extension.swift in Sources */,
				A744AAF12440F57C009B5404 /* CreditModel.swift in Sources */,
				A7304D322457125F00F0AECF /* FilterItemModel.swift in Sources */,
				A7304D122455CF6D00F0AECF /* CreditSkeletonCollectionViewCell.swift in Sources */,
				A74480452444922800FD251C /* CreditCollectionViewCell.swift in Sources */,
				A7359E832461E80D0091E673 /* EmptyTableViewCell.swift in Sources */,
				A7304D2A245647DC00F0AECF /* UITableViewCell+Extension.swift in Sources */,
				A7304D3D2457304000F0AECF /* Numeric.swift in Sources */,
				A7359E4F245F1CBD0091E673 /* CreditsListDetailViewController.swift in Sources */,
				A75D758C2409337300A20824 /* NetworkService.swift in Sources */,
				A75D758F240933B500A20824 /* NetworkError.swift in Sources */,
				A7304D4724578C2800F0AECF /* Double+Extension.swift in Sources */,
			);
			runOnlyForDeploymentPostprocessing = 0;
		};
/* End PBXSourcesBuildPhase section */

/* Begin PBXVariantGroup section */
		A796782B23ED812600CE4E94 /* Main.storyboard */ = {
			isa = PBXVariantGroup;
			children = (
				A796782C23ED812600CE4E94 /* Base */,
			);
			name = Main.storyboard;
			sourceTree = "<group>";
		};
		A796783323ED812900CE4E94 /* LaunchScreen.storyboard */ = {
			isa = PBXVariantGroup;
			children = (
				A796783423ED812900CE4E94 /* Base */,
			);
			name = LaunchScreen.storyboard;
			sourceTree = "<group>";
		};
/* End PBXVariantGroup section */

/* Begin XCBuildConfiguration section */
		A796783723ED812900CE4E94 /* Debug */ = {
			isa = XCBuildConfiguration;
			buildSettings = {
				ALWAYS_SEARCH_USER_PATHS = NO;
				CLANG_ANALYZER_NONNULL = YES;
				CLANG_ANALYZER_NUMBER_OBJECT_CONVERSION = YES_AGGRESSIVE;
				CLANG_CXX_LANGUAGE_STANDARD = "gnu++14";
				CLANG_CXX_LIBRARY = "libc++";
				CLANG_ENABLE_MODULES = YES;
				CLANG_ENABLE_OBJC_ARC = YES;
				CLANG_ENABLE_OBJC_WEAK = YES;
				CLANG_WARN_BLOCK_CAPTURE_AUTORELEASING = YES;
				CLANG_WARN_BOOL_CONVERSION = YES;
				CLANG_WARN_COMMA = YES;
				CLANG_WARN_CONSTANT_CONVERSION = YES;
				CLANG_WARN_DEPRECATED_OBJC_IMPLEMENTATIONS = YES;
				CLANG_WARN_DIRECT_OBJC_ISA_USAGE = YES_ERROR;
				CLANG_WARN_DOCUMENTATION_COMMENTS = YES;
				CLANG_WARN_EMPTY_BODY = YES;
				CLANG_WARN_ENUM_CONVERSION = YES;
				CLANG_WARN_INFINITE_RECURSION = YES;
				CLANG_WARN_INT_CONVERSION = YES;
				CLANG_WARN_NON_LITERAL_NULL_CONVERSION = YES;
				CLANG_WARN_OBJC_IMPLICIT_RETAIN_SELF = YES;
				CLANG_WARN_OBJC_LITERAL_CONVERSION = YES;
				CLANG_WARN_OBJC_ROOT_CLASS = YES_ERROR;
				CLANG_WARN_RANGE_LOOP_ANALYSIS = YES;
				CLANG_WARN_STRICT_PROTOTYPES = YES;
				CLANG_WARN_SUSPICIOUS_MOVE = YES;
				CLANG_WARN_UNGUARDED_AVAILABILITY = YES_AGGRESSIVE;
				CLANG_WARN_UNREACHABLE_CODE = YES;
				CLANG_WARN__DUPLICATE_METHOD_MATCH = YES;
				COPY_PHASE_STRIP = NO;
				DEBUG_INFORMATION_FORMAT = dwarf;
				ENABLE_STRICT_OBJC_MSGSEND = YES;
				ENABLE_TESTABILITY = YES;
				GCC_C_LANGUAGE_STANDARD = gnu11;
				GCC_DYNAMIC_NO_PIC = NO;
				GCC_NO_COMMON_BLOCKS = YES;
				GCC_OPTIMIZATION_LEVEL = 0;
				GCC_PREPROCESSOR_DEFINITIONS = (
					"DEBUG=1",
					"$(inherited)",
				);
				GCC_WARN_64_TO_32_BIT_CONVERSION = YES;
				GCC_WARN_ABOUT_RETURN_TYPE = YES_ERROR;
				GCC_WARN_UNDECLARED_SELECTOR = YES;
				GCC_WARN_UNINITIALIZED_AUTOS = YES_AGGRESSIVE;
				GCC_WARN_UNUSED_FUNCTION = YES;
				GCC_WARN_UNUSED_VARIABLE = YES;
				IPHONEOS_DEPLOYMENT_TARGET = 13.0;
				MTL_ENABLE_DEBUG_INFO = INCLUDE_SOURCE;
				MTL_FAST_MATH = YES;
				ONLY_ACTIVE_ARCH = YES;
				SDKROOT = iphoneos;
				SWIFT_ACTIVE_COMPILATION_CONDITIONS = DEBUG;
				SWIFT_OPTIMIZATION_LEVEL = "-Onone";
			};
			name = Debug;
		};
		A796783823ED812900CE4E94 /* Release */ = {
			isa = XCBuildConfiguration;
			buildSettings = {
				ALWAYS_SEARCH_USER_PATHS = NO;
				CLANG_ANALYZER_NONNULL = YES;
				CLANG_ANALYZER_NUMBER_OBJECT_CONVERSION = YES_AGGRESSIVE;
				CLANG_CXX_LANGUAGE_STANDARD = "gnu++14";
				CLANG_CXX_LIBRARY = "libc++";
				CLANG_ENABLE_MODULES = YES;
				CLANG_ENABLE_OBJC_ARC = YES;
				CLANG_ENABLE_OBJC_WEAK = YES;
				CLANG_WARN_BLOCK_CAPTURE_AUTORELEASING = YES;
				CLANG_WARN_BOOL_CONVERSION = YES;
				CLANG_WARN_COMMA = YES;
				CLANG_WARN_CONSTANT_CONVERSION = YES;
				CLANG_WARN_DEPRECATED_OBJC_IMPLEMENTATIONS = YES;
				CLANG_WARN_DIRECT_OBJC_ISA_USAGE = YES_ERROR;
				CLANG_WARN_DOCUMENTATION_COMMENTS = YES;
				CLANG_WARN_EMPTY_BODY = YES;
				CLANG_WARN_ENUM_CONVERSION = YES;
				CLANG_WARN_INFINITE_RECURSION = YES;
				CLANG_WARN_INT_CONVERSION = YES;
				CLANG_WARN_NON_LITERAL_NULL_CONVERSION = YES;
				CLANG_WARN_OBJC_IMPLICIT_RETAIN_SELF = YES;
				CLANG_WARN_OBJC_LITERAL_CONVERSION = YES;
				CLANG_WARN_OBJC_ROOT_CLASS = YES_ERROR;
				CLANG_WARN_RANGE_LOOP_ANALYSIS = YES;
				CLANG_WARN_STRICT_PROTOTYPES = YES;
				CLANG_WARN_SUSPICIOUS_MOVE = YES;
				CLANG_WARN_UNGUARDED_AVAILABILITY = YES_AGGRESSIVE;
				CLANG_WARN_UNREACHABLE_CODE = YES;
				CLANG_WARN__DUPLICATE_METHOD_MATCH = YES;
				COPY_PHASE_STRIP = NO;
				DEBUG_INFORMATION_FORMAT = "dwarf-with-dsym";
				ENABLE_NS_ASSERTIONS = NO;
				ENABLE_STRICT_OBJC_MSGSEND = YES;
				GCC_C_LANGUAGE_STANDARD = gnu11;
				GCC_NO_COMMON_BLOCKS = YES;
				GCC_WARN_64_TO_32_BIT_CONVERSION = YES;
				GCC_WARN_ABOUT_RETURN_TYPE = YES_ERROR;
				GCC_WARN_UNDECLARED_SELECTOR = YES;
				GCC_WARN_UNINITIALIZED_AUTOS = YES_AGGRESSIVE;
				GCC_WARN_UNUSED_FUNCTION = YES;
				GCC_WARN_UNUSED_VARIABLE = YES;
				IPHONEOS_DEPLOYMENT_TARGET = 13.0;
				MTL_ENABLE_DEBUG_INFO = NO;
				MTL_FAST_MATH = YES;
				SDKROOT = iphoneos;
				SWIFT_COMPILATION_MODE = wholemodule;
				SWIFT_OPTIMIZATION_LEVEL = "-O";
				VALIDATE_PRODUCT = YES;
			};
			name = Release;
		};
		A796783A23ED812900CE4E94 /* Debug */ = {
			isa = XCBuildConfiguration;
			baseConfigurationReference = 784D20937057BBD2AC0B4F01 /* Pods-VseBankiRu.debug.xcconfig */;
			buildSettings = {
				ASSETCATALOG_COMPILER_APPICON_NAME = AppIcon;
				CODE_SIGN_ENTITLEMENTS = VseBankiRu/VseBankiRu.entitlements;
				CODE_SIGN_STYLE = Automatic;
				DEVELOPMENT_TEAM = X9TG2DA4WH;
				INFOPLIST_FILE = VseBankiRu/Info.plist;
				LD_RUNPATH_SEARCH_PATHS = (
					"$(inherited)",
					"@executable_path/Frameworks",
				);
				PRODUCT_BUNDLE_IDENTIFIER = ru.MaxOl.VseBankiRu;
				PRODUCT_NAME = "$(TARGET_NAME)";
				SWIFT_VERSION = 5.0;
				TARGETED_DEVICE_FAMILY = "1,2";
			};
			name = Debug;
		};
		A796783B23ED812900CE4E94 /* Release */ = {
			isa = XCBuildConfiguration;
			baseConfigurationReference = 299A7C7C20C649BB99026F55 /* Pods-VseBankiRu.release.xcconfig */;
			buildSettings = {
				ASSETCATALOG_COMPILER_APPICON_NAME = AppIcon;
				CODE_SIGN_ENTITLEMENTS = VseBankiRu/VseBankiRu.entitlements;
				CODE_SIGN_STYLE = Automatic;
				DEVELOPMENT_TEAM = X9TG2DA4WH;
				INFOPLIST_FILE = VseBankiRu/Info.plist;
				LD_RUNPATH_SEARCH_PATHS = (
					"$(inherited)",
					"@executable_path/Frameworks",
				);
				PRODUCT_BUNDLE_IDENTIFIER = ru.MaxOl.VseBankiRu;
				PRODUCT_NAME = "$(TARGET_NAME)";
				SWIFT_VERSION = 5.0;
				TARGETED_DEVICE_FAMILY = "1,2";
			};
			name = Release;
		};
/* End XCBuildConfiguration section */

/* Begin XCConfigurationList section */
		A796781D23ED812500CE4E94 /* Build configuration list for PBXProject "VseBankiRu" */ = {
			isa = XCConfigurationList;
			buildConfigurations = (
				A796783723ED812900CE4E94 /* Debug */,
				A796783823ED812900CE4E94 /* Release */,
			);
			defaultConfigurationIsVisible = 0;
			defaultConfigurationName = Release;
		};
		A796783923ED812900CE4E94 /* Build configuration list for PBXNativeTarget "VseBankiRu" */ = {
			isa = XCConfigurationList;
			buildConfigurations = (
				A796783A23ED812900CE4E94 /* Debug */,
				A796783B23ED812900CE4E94 /* Release */,
			);
			defaultConfigurationIsVisible = 0;
			defaultConfigurationName = Release;
		};
/* End XCConfigurationList section */

/* Begin XCVersionGroup section */
		A796782E23ED812600CE4E94 /* VseBankiRu.xcdatamodeld */ = {
			isa = XCVersionGroup;
			children = (
				A796782F23ED812600CE4E94 /* VseBankiRu.xcdatamodel */,
			);
			currentVersion = A796782F23ED812600CE4E94 /* VseBankiRu.xcdatamodel */;
			path = VseBankiRu.xcdatamodeld;
			sourceTree = "<group>";
			versionGroupType = wrapper.xcdatamodel;
		};
/* End XCVersionGroup section */
	};
	rootObject = A796781A23ED812500CE4E94 /* Project object */;
}
